// !$*UTF8*$!
{
	archiveVersion = 1;
	classes = {
	};
	objectVersion = 46;
	objects = {

/* Begin PBXBuildFile section */
		810D05FF17DEFC220058CE52 /* UIKit.framework in Frameworks */ = {isa = PBXBuildFile; fileRef = 810D05FE17DEFC220058CE52 /* UIKit.framework */; };
		810D060117DEFC220058CE52 /* Foundation.framework in Frameworks */ = {isa = PBXBuildFile; fileRef = 810D060017DEFC220058CE52 /* Foundation.framework */; };
		810D060317DEFC220058CE52 /* CoreGraphics.framework in Frameworks */ = {isa = PBXBuildFile; fileRef = 810D060217DEFC220058CE52 /* CoreGraphics.framework */; };
		8119DFCA17E06BCC007AEDC2 /* MFImageView.m in Sources */ = {isa = PBXBuildFile; fileRef = 8119DFC917E06BCC007AEDC2 /* MFImageView.m */; };
		8119DFCD17E06BDB007AEDC2 /* MFTableView.m in Sources */ = {isa = PBXBuildFile; fileRef = 8119DFCC17E06BDB007AEDC2 /* MFTableView.m */; };
		8119DFD017E06BE8007AEDC2 /* MFTableViewCell.m in Sources */ = {isa = PBXBuildFile; fileRef = 8119DFCF17E06BE8007AEDC2 /* MFTableViewCell.m */; };
		8119DFD317E06D85007AEDC2 /* MFWebFeed.m in Sources */ = {isa = PBXBuildFile; fileRef = 8119DFD217E06D85007AEDC2 /* MFWebFeed.m */; };
		8119DFD617E06D90007AEDC2 /* MFWebRequest.m in Sources */ = {isa = PBXBuildFile; fileRef = 8119DFD517E06D90007AEDC2 /* MFWebRequest.m */; };
		8119DFD917E06D9B007AEDC2 /* MFWebResource.m in Sources */ = {isa = PBXBuildFile; fileRef = 8119DFD817E06D9B007AEDC2 /* MFWebResource.m */; };
		8119DFDC17E06DAA007AEDC2 /* MFWebSession.m in Sources */ = {isa = PBXBuildFile; fileRef = 8119DFDB17E06DAA007AEDC2 /* MFWebSession.m */; };
		8119DFDF17E06DB6007AEDC2 /* MFWebService.m in Sources */ = {isa = PBXBuildFile; fileRef = 8119DFDE17E06DB6007AEDC2 /* MFWebService.m */; };
		8119DFE217E06DCF007AEDC2 /* MFWebUser.m in Sources */ = {isa = PBXBuildFile; fileRef = 8119DFE117E06DCF007AEDC2 /* MFWebUser.m */; };
		8119DFE517E06DF0007AEDC2 /* MFWebUpload.m in Sources */ = {isa = PBXBuildFile; fileRef = 8119DFE417E06DF0007AEDC2 /* MFWebUpload.m */; };
		8119DFE817E06E0B007AEDC2 /* MFWebAuthorization.m in Sources */ = {isa = PBXBuildFile; fileRef = 8119DFE717E06E0B007AEDC2 /* MFWebAuthorization.m */; };
		8120C13117DFA37100A1C3A9 /* MFPostController.m in Sources */ = {isa = PBXBuildFile; fileRef = 8120C13017DFA37100A1C3A9 /* MFPostController.m */; };
		8120C13417DFA7AD00A1C3A9 /* MFHomeController.m in Sources */ = {isa = PBXBuildFile; fileRef = 8120C13317DFA7AD00A1C3A9 /* MFHomeController.m */; };
		8120C13717DFA7C000A1C3A9 /* MFSearchController.m in Sources */ = {isa = PBXBuildFile; fileRef = 8120C13617DFA7C000A1C3A9 /* MFSearchController.m */; };
		8120C13A17DFA82100A1C3A9 /* MFCartController.m in Sources */ = {isa = PBXBuildFile; fileRef = 8120C13917DFA82100A1C3A9 /* MFCartController.m */; };
		8120C13E17DFA8F400A1C3A9 /* UIColor+Additions.m in Sources */ = {isa = PBXBuildFile; fileRef = 8120C13D17DFA8F400A1C3A9 /* UIColor+Additions.m */; };
		8120C14117DFA90300A1C3A9 /* UIFont+Additions.m in Sources */ = {isa = PBXBuildFile; fileRef = 8120C14017DFA90300A1C3A9 /* UIFont+Additions.m */; };
		8120C14B17DFAD8C00A1C3A9 /* Menu-Cart@2x.png in Resources */ = {isa = PBXBuildFile; fileRef = 8120C14217DFAD8C00A1C3A9 /* Menu-Cart@2x.png */; };
		8120C14C17DFAD8C00A1C3A9 /* Menu-Home.png in Resources */ = {isa = PBXBuildFile; fileRef = 8120C14317DFAD8C00A1C3A9 /* Menu-Home.png */; };
		8120C14D17DFAD8C00A1C3A9 /* Menu-Home@2x.png in Resources */ = {isa = PBXBuildFile; fileRef = 8120C14417DFAD8C00A1C3A9 /* Menu-Home@2x.png */; };
		8120C14E17DFAD8C00A1C3A9 /* Menu-News.png in Resources */ = {isa = PBXBuildFile; fileRef = 8120C14517DFAD8C00A1C3A9 /* Menu-News.png */; };
		8120C14F17DFAD8C00A1C3A9 /* Menu-News@2x.png in Resources */ = {isa = PBXBuildFile; fileRef = 8120C14617DFAD8C00A1C3A9 /* Menu-News@2x.png */; };
		8120C15017DFAD8C00A1C3A9 /* Menu-Search.png in Resources */ = {isa = PBXBuildFile; fileRef = 8120C14717DFAD8C00A1C3A9 /* Menu-Search.png */; };
		8120C15117DFAD8C00A1C3A9 /* Menu-Search@2x.png in Resources */ = {isa = PBXBuildFile; fileRef = 8120C14817DFAD8C00A1C3A9 /* Menu-Search@2x.png */; };
		8120C15217DFAD8C00A1C3A9 /* Menu-Sell.png in Resources */ = {isa = PBXBuildFile; fileRef = 8120C14917DFAD8C00A1C3A9 /* Menu-Sell.png */; };
		8120C15317DFAD8C00A1C3A9 /* Menu-Sell@2x.png in Resources */ = {isa = PBXBuildFile; fileRef = 8120C14A17DFAD8C00A1C3A9 /* Menu-Sell@2x.png */; };
		8120C15517DFAD9600A1C3A9 /* Menu-Cart.png in Resources */ = {isa = PBXBuildFile; fileRef = 8120C15417DFAD9600A1C3A9 /* Menu-Cart.png */; };
		8120C15817DFAF0B00A1C3A9 /* MFNewsController.m in Sources */ = {isa = PBXBuildFile; fileRef = 8120C15717DFAF0B00A1C3A9 /* MFNewsController.m */; };
		8120C15B17DFAFA600A1C3A9 /* MFNewPostController.m in Sources */ = {isa = PBXBuildFile; fileRef = 8120C15A17DFAFA600A1C3A9 /* MFNewPostController.m */; };
		8120C15E17DFB2F700A1C3A9 /* Navigation-Menu.png in Resources */ = {isa = PBXBuildFile; fileRef = 8120C15C17DFB2F700A1C3A9 /* Navigation-Menu.png */; };
		8120C15F17DFB2F700A1C3A9 /* Navigation-Menu@2x.png in Resources */ = {isa = PBXBuildFile; fileRef = 8120C15D17DFB2F700A1C3A9 /* Navigation-Menu@2x.png */; };
		8120C16217DFB48600A1C3A9 /* Navigation-Filter.png in Resources */ = {isa = PBXBuildFile; fileRef = 8120C16017DFB48600A1C3A9 /* Navigation-Filter.png */; };
		8120C16317DFB48600A1C3A9 /* Navigation-Filter@2x.png in Resources */ = {isa = PBXBuildFile; fileRef = 8120C16117DFB48600A1C3A9 /* Navigation-Filter@2x.png */; };
		8120C16617DFB7F100A1C3A9 /* MFWebController.m in Sources */ = {isa = PBXBuildFile; fileRef = 8120C16517DFB7F100A1C3A9 /* MFWebController.m */; };
		8120C16817DFBC4500A1C3A9 /* Pages in Resources */ = {isa = PBXBuildFile; fileRef = 8120C16717DFBC4500A1C3A9 /* Pages */; };
		8120C16B17DFBD1200A1C3A9 /* MFPreferences.m in Sources */ = {isa = PBXBuildFile; fileRef = 8120C16A17DFBD1200A1C3A9 /* MFPreferences.m */; };
		8120C16E17DFBF1200A1C3A9 /* NSDictionary+Additions.m in Sources */ = {isa = PBXBuildFile; fileRef = 8120C16D17DFBF1200A1C3A9 /* NSDictionary+Additions.m */; };
		8120C17117DFBFA700A1C3A9 /* NSString+Additions.m in Sources */ = {isa = PBXBuildFile; fileRef = 8120C17017DFBFA700A1C3A9 /* NSString+Additions.m */; };
		8120C17417E03CB900A1C3A9 /* MFMenu.m in Sources */ = {isa = PBXBuildFile; fileRef = 8120C17317E03CB900A1C3A9 /* MFMenu.m */; };
		8120C17717E03CC700A1C3A9 /* MFMenuItem.m in Sources */ = {isa = PBXBuildFile; fileRef = 8120C17617E03CC700A1C3A9 /* MFMenuItem.m */; };
		8120C19117E0470300A1C3A9 /* Home-About.png in Resources */ = {isa = PBXBuildFile; fileRef = 8120C17917E0470300A1C3A9 /* Home-About.png */; };
		8120C19217E0470300A1C3A9 /* Home-About@2x.png in Resources */ = {isa = PBXBuildFile; fileRef = 8120C17A17E0470300A1C3A9 /* Home-About@2x.png */; };
		8120C19317E0470300A1C3A9 /* Home-Bookmarks.png in Resources */ = {isa = PBXBuildFile; fileRef = 8120C17B17E0470300A1C3A9 /* Home-Bookmarks.png */; };
		8120C19417E0470300A1C3A9 /* Home-Bookmarks@2x.png in Resources */ = {isa = PBXBuildFile; fileRef = 8120C17C17E0470300A1C3A9 /* Home-Bookmarks@2x.png */; };
		8120C19517E0470300A1C3A9 /* Home-BrowseAll.png in Resources */ = {isa = PBXBuildFile; fileRef = 8120C17D17E0470300A1C3A9 /* Home-BrowseAll.png */; };
		8120C19617E0470300A1C3A9 /* Home-BrowseAll@2x.png in Resources */ = {isa = PBXBuildFile; fileRef = 8120C17E17E0470300A1C3A9 /* Home-BrowseAll@2x.png */; };
		8120C19717E0470300A1C3A9 /* Home-BrowseEditorial.png in Resources */ = {isa = PBXBuildFile; fileRef = 8120C17F17E0470300A1C3A9 /* Home-BrowseEditorial.png */; };
		8120C19817E0470300A1C3A9 /* Home-BrowseEditorial@2x.png in Resources */ = {isa = PBXBuildFile; fileRef = 8120C18017E0470300A1C3A9 /* Home-BrowseEditorial@2x.png */; };
		8120C19917E0470300A1C3A9 /* Home-BrowseNew.png in Resources */ = {isa = PBXBuildFile; fileRef = 8120C18117E0470300A1C3A9 /* Home-BrowseNew.png */; };
		8120C19A17E0470300A1C3A9 /* Home-BrowseNew@2x.png in Resources */ = {isa = PBXBuildFile; fileRef = 8120C18217E0470300A1C3A9 /* Home-BrowseNew@2x.png */; };
		8120C19B17E0470300A1C3A9 /* Home-Guarantee.png in Resources */ = {isa = PBXBuildFile; fileRef = 8120C18317E0470300A1C3A9 /* Home-Guarantee.png */; };
		8120C19C17E0470300A1C3A9 /* Home-Guarantee@2x.png in Resources */ = {isa = PBXBuildFile; fileRef = 8120C18417E0470300A1C3A9 /* Home-Guarantee@2x.png */; };
		8120C19D17E0470300A1C3A9 /* Home-History.png in Resources */ = {isa = PBXBuildFile; fileRef = 8120C18517E0470300A1C3A9 /* Home-History.png */; };
		8120C19E17E0470300A1C3A9 /* Home-History@2x.png in Resources */ = {isa = PBXBuildFile; fileRef = 8120C18617E0470300A1C3A9 /* Home-History@2x.png */; };
		8120C19F17E0470300A1C3A9 /* Home-Profile.png in Resources */ = {isa = PBXBuildFile; fileRef = 8120C18717E0470300A1C3A9 /* Home-Profile.png */; };
		8120C1A017E0470300A1C3A9 /* Home-Profile@2x.png in Resources */ = {isa = PBXBuildFile; fileRef = 8120C18817E0470300A1C3A9 /* Home-Profile@2x.png */; };
		8120C1A117E0470300A1C3A9 /* Home-Recents.png in Resources */ = {isa = PBXBuildFile; fileRef = 8120C18917E0470300A1C3A9 /* Home-Recents.png */; };
		8120C1A217E0470300A1C3A9 /* Home-Recents@2x.png in Resources */ = {isa = PBXBuildFile; fileRef = 8120C18A17E0470300A1C3A9 /* Home-Recents@2x.png */; };
		8120C1A317E0470300A1C3A9 /* Home-ReturnsPolicy.png in Resources */ = {isa = PBXBuildFile; fileRef = 8120C18B17E0470300A1C3A9 /* Home-ReturnsPolicy.png */; };
		8120C1A417E0470300A1C3A9 /* Home-ReturnsPolicy@2x.png in Resources */ = {isa = PBXBuildFile; fileRef = 8120C18C17E0470300A1C3A9 /* Home-ReturnsPolicy@2x.png */; };
		8120C1A517E0470300A1C3A9 /* Home-Security.png in Resources */ = {isa = PBXBuildFile; fileRef = 8120C18D17E0470300A1C3A9 /* Home-Security.png */; };
		8120C1A617E0470300A1C3A9 /* Home-Security@2x.png in Resources */ = {isa = PBXBuildFile; fileRef = 8120C18E17E0470300A1C3A9 /* Home-Security@2x.png */; };
		8120C1A717E0470300A1C3A9 /* Home-ShippingInfo.png in Resources */ = {isa = PBXBuildFile; fileRef = 8120C18F17E0470300A1C3A9 /* Home-ShippingInfo.png */; };
		8120C1A817E0470300A1C3A9 /* Home-ShippingInfo@2x.png in Resources */ = {isa = PBXBuildFile; fileRef = 8120C19017E0470300A1C3A9 /* Home-ShippingInfo@2x.png */; };
		8120C1AB17E049B400A1C3A9 /* Navigation-Logo.png in Resources */ = {isa = PBXBuildFile; fileRef = 8120C1A917E049B400A1C3A9 /* Navigation-Logo.png */; };
		8120C1AC17E049B400A1C3A9 /* Navigation-Logo@2x.png in Resources */ = {isa = PBXBuildFile; fileRef = 8120C1AA17E049B400A1C3A9 /* Navigation-Logo@2x.png */; };
		8120C1B217E0520E00A1C3A9 /* MFHomeHeaderView.m in Sources */ = {isa = PBXBuildFile; fileRef = 8120C1B117E0520E00A1C3A9 /* MFHomeHeaderView.m */; };
		8120C1B617E0532500A1C3A9 /* Home-ShopByColor.png in Resources */ = {isa = PBXBuildFile; fileRef = 8120C1B317E0532500A1C3A9 /* Home-ShopByColor.png */; };
		8120C1B717E0532500A1C3A9 /* Home-ShopByDress.png in Resources */ = {isa = PBXBuildFile; fileRef = 8120C1B417E0532500A1C3A9 /* Home-ShopByDress.png */; };
		8120C1B817E0532500A1C3A9 /* Home-ShopByDress@2x.png in Resources */ = {isa = PBXBuildFile; fileRef = 8120C1B517E0532500A1C3A9 /* Home-ShopByDress@2x.png */; };
		8120C1BA17E0532E00A1C3A9 /* Home-ShopByColor@2x.png in Resources */ = {isa = PBXBuildFile; fileRef = 8120C1B917E0532E00A1C3A9 /* Home-ShopByColor@2x.png */; };
		8120C1BD17E053A100A1C3A9 /* UIButton+Additions.m in Sources */ = {isa = PBXBuildFile; fileRef = 8120C1BC17E053A100A1C3A9 /* UIButton+Additions.m */; };
		8120C1C117E05C9F00A1C3A9 /* MFHomeFooterView.m in Sources */ = {isa = PBXBuildFile; fileRef = 8120C1C017E05C9F00A1C3A9 /* MFHomeFooterView.m */; };
		8120C1C417E05D7500A1C3A9 /* Home-Checkmark.png in Resources */ = {isa = PBXBuildFile; fileRef = 8120C1C217E05D7500A1C3A9 /* Home-Checkmark.png */; };
		8120C1C517E05D7500A1C3A9 /* Home-Checkmark@2x.png in Resources */ = {isa = PBXBuildFile; fileRef = 8120C1C317E05D7500A1C3A9 /* Home-Checkmark@2x.png */; };
		8120C1C817E0681300A1C3A9 /* MFBookmarksController.m in Sources */ = {isa = PBXBuildFile; fileRef = 8120C1C717E0681300A1C3A9 /* MFBookmarksController.m */; };
		8120C1CB17E0684E00A1C3A9 /* MFProfileController.m in Sources */ = {isa = PBXBuildFile; fileRef = 8120C1CA17E0684E00A1C3A9 /* MFProfileController.m */; };
		8120C1CE17E0685A00A1C3A9 /* MFHistoryController.m in Sources */ = {isa = PBXBuildFile; fileRef = 8120C1CD17E0685A00A1C3A9 /* MFHistoryController.m */; };
		8120C1D117E068EF00A1C3A9 /* MFRecentsController.m in Sources */ = {isa = PBXBuildFile; fileRef = 8120C1D017E068EF00A1C3A9 /* MFRecentsController.m */; };
		8120C1D417E0698F00A1C3A9 /* MFBrowseController.m in Sources */ = {isa = PBXBuildFile; fileRef = 8120C1D317E0698F00A1C3A9 /* MFBrowseController.m */; };
		812F4AAB17DEFCC600454747 /* Localizable.strings in Resources */ = {isa = PBXBuildFile; fileRef = 812F4AA917DEFCC600454747 /* Localizable.strings */; };
		812F4AB217DEFD0300454747 /* Default-568h@2x.png in Resources */ = {isa = PBXBuildFile; fileRef = 812F4AAF17DEFD0300454747 /* Default-568h@2x.png */; };
		812F4AB317DEFD0300454747 /* Default.png in Resources */ = {isa = PBXBuildFile; fileRef = 812F4AB017DEFD0300454747 /* Default.png */; };
		812F4AB417DEFD0300454747 /* Default@2x.png in Resources */ = {isa = PBXBuildFile; fileRef = 812F4AB117DEFD0300454747 /* Default@2x.png */; };
		812F4AB917DEFD4800454747 /* main.m in Sources */ = {isa = PBXBuildFile; fileRef = 812F4AB617DEFD4800454747 /* main.m */; };
		812F4ABA17DEFD4800454747 /* MFApplicationDelegate.m in Sources */ = {isa = PBXBuildFile; fileRef = 812F4AB817DEFD4800454747 /* MFApplicationDelegate.m */; };
		812F4ABD17DEFDB400454747 /* MFFeedController.m in Sources */ = {isa = PBXBuildFile; fileRef = 812F4ABC17DEFDB400454747 /* MFFeedController.m */; };
		812F4AC217DEFE5300454747 /* JSONKit.m in Sources */ = {isa = PBXBuildFile; fileRef = 812F4AC117DEFE5300454747 /* JSONKit.m */; settings = {COMPILER_FLAGS = "-fno-objc-arc"; }; };
		812F4AC717DEFE9400454747 /* Reachability.m in Sources */ = {isa = PBXBuildFile; fileRef = 812F4AC617DEFE9400454747 /* Reachability.m */; settings = {COMPILER_FLAGS = "-fno-objc-arc"; }; };
		812F4ACA17DEFE9C00454747 /* MBProgressHUD.m in Sources */ = {isa = PBXBuildFile; fileRef = 812F4AC917DEFE9C00454747 /* MBProgressHUD.m */; };
		812F4AE017DEFEE900454747 /* ASIAuthenticationDialog.m in Sources */ = {isa = PBXBuildFile; fileRef = 812F4ACD17DEFEE900454747 /* ASIAuthenticationDialog.m */; settings = {COMPILER_FLAGS = "-fno-objc-arc"; }; };
		812F4AE117DEFEE900454747 /* ASIDataCompressor.m in Sources */ = {isa = PBXBuildFile; fileRef = 812F4AD017DEFEE900454747 /* ASIDataCompressor.m */; settings = {COMPILER_FLAGS = "-fno-objc-arc"; }; };
		812F4AE217DEFEE900454747 /* ASIDataDecompressor.m in Sources */ = {isa = PBXBuildFile; fileRef = 812F4AD217DEFEE900454747 /* ASIDataDecompressor.m */; settings = {COMPILER_FLAGS = "-fno-objc-arc"; }; };
		812F4AE317DEFEE900454747 /* ASIDownloadCache.m in Sources */ = {isa = PBXBuildFile; fileRef = 812F4AD417DEFEE900454747 /* ASIDownloadCache.m */; settings = {COMPILER_FLAGS = "-fno-objc-arc"; }; };
		812F4AE417DEFEE900454747 /* ASIFormDataRequest.m in Sources */ = {isa = PBXBuildFile; fileRef = 812F4AD617DEFEE900454747 /* ASIFormDataRequest.m */; settings = {COMPILER_FLAGS = "-fno-objc-arc"; }; };
		812F4AE517DEFEE900454747 /* ASIHTTPRequest.m in Sources */ = {isa = PBXBuildFile; fileRef = 812F4AD817DEFEE900454747 /* ASIHTTPRequest.m */; settings = {COMPILER_FLAGS = "-fno-objc-arc"; }; };
		812F4AE617DEFEE900454747 /* ASIInputStream.m in Sources */ = {isa = PBXBuildFile; fileRef = 812F4ADC17DEFEE900454747 /* ASIInputStream.m */; settings = {COMPILER_FLAGS = "-fno-objc-arc"; }; };
		812F4AE717DEFEE900454747 /* ASINetworkQueue.m in Sources */ = {isa = PBXBuildFile; fileRef = 812F4ADE17DEFEE900454747 /* ASINetworkQueue.m */; settings = {COMPILER_FLAGS = "-fno-objc-arc"; }; };
		812F4AEC17DF003800454747 /* Icon57.png in Resources */ = {isa = PBXBuildFile; fileRef = 812F4AE817DF003800454747 /* Icon57.png */; };
		812F4AED17DF003800454747 /* Icon114.png in Resources */ = {isa = PBXBuildFile; fileRef = 812F4AE917DF003800454747 /* Icon114.png */; };
		812F4AEE17DF003800454747 /* Icon120.png in Resources */ = {isa = PBXBuildFile; fileRef = 812F4AEA17DF003800454747 /* Icon120.png */; };
		812F4AEF17DF003800454747 /* Icon144.png in Resources */ = {isa = PBXBuildFile; fileRef = 812F4AEB17DF003800454747 /* Icon144.png */; };
		812F4AF117DF00F100454747 /* CFNetwork.framework in Frameworks */ = {isa = PBXBuildFile; fileRef = 812F4AF017DF00F100454747 /* CFNetwork.framework */; };
		812F4AF317DF00FD00454747 /* libz.dylib in Frameworks */ = {isa = PBXBuildFile; fileRef = 812F4AF217DF00FD00454747 /* libz.dylib */; };
		812F4AF517DF011E00454747 /* SystemConfiguration.framework in Frameworks */ = {isa = PBXBuildFile; fileRef = 812F4AF417DF011E00454747 /* SystemConfiguration.framework */; };
		812F4AF917DF017F00454747 /* MobileCoreServices.framework in Frameworks */ = {isa = PBXBuildFile; fileRef = 812F4AF817DF017F00454747 /* MobileCoreServices.framework */; };
		812F4AFC17DF019600454747 /* InfoPlist.strings in Resources */ = {isa = PBXBuildFile; fileRef = 812F4AFA17DF019600454747 /* InfoPlist.strings */; };
		818F917117DF958D00D1A723 /* MFSideMenuContainerViewController.m in Sources */ = {isa = PBXBuildFile; fileRef = 818F916C17DF958D00D1A723 /* MFSideMenuContainerViewController.m */; };
		818F917217DF958D00D1A723 /* MFSideMenuShadow.m in Sources */ = {isa = PBXBuildFile; fileRef = 818F916E17DF958D00D1A723 /* MFSideMenuShadow.m */; };
		818F917317DF958D00D1A723 /* UIViewController+MFSideMenuAdditions.m in Sources */ = {isa = PBXBuildFile; fileRef = 818F917017DF958D00D1A723 /* UIViewController+MFSideMenuAdditions.m */; };
		818F917617DF95F400D1A723 /* MFMenuController.m in Sources */ = {isa = PBXBuildFile; fileRef = 818F917517DF95F400D1A723 /* MFMenuController.m */; };
/* End PBXBuildFile section */

/* Begin PBXFileReference section */
		810D05FB17DEFC220058CE52 /* Reloved.app */ = {isa = PBXFileReference; explicitFileType = wrapper.application; includeInIndex = 0; path = Reloved.app; sourceTree = BUILT_PRODUCTS_DIR; };
		810D05FE17DEFC220058CE52 /* UIKit.framework */ = {isa = PBXFileReference; lastKnownFileType = wrapper.framework; name = UIKit.framework; path = System/Library/Frameworks/UIKit.framework; sourceTree = SDKROOT; };
		810D060017DEFC220058CE52 /* Foundation.framework */ = {isa = PBXFileReference; lastKnownFileType = wrapper.framework; name = Foundation.framework; path = System/Library/Frameworks/Foundation.framework; sourceTree = SDKROOT; };
		810D060217DEFC220058CE52 /* CoreGraphics.framework */ = {isa = PBXFileReference; lastKnownFileType = wrapper.framework; name = CoreGraphics.framework; path = System/Library/Frameworks/CoreGraphics.framework; sourceTree = SDKROOT; };
		8119DFC817E06BCC007AEDC2 /* MFImageView.h */ = {isa = PBXFileReference; fileEncoding = 4; lastKnownFileType = sourcecode.c.h; name = MFImageView.h; path = Sources/MFImageView.h; sourceTree = SOURCE_ROOT; };
		8119DFC917E06BCC007AEDC2 /* MFImageView.m */ = {isa = PBXFileReference; fileEncoding = 4; lastKnownFileType = sourcecode.c.objc; name = MFImageView.m; path = Sources/MFImageView.m; sourceTree = SOURCE_ROOT; };
		8119DFCB17E06BDB007AEDC2 /* MFTableView.h */ = {isa = PBXFileReference; fileEncoding = 4; lastKnownFileType = sourcecode.c.h; name = MFTableView.h; path = Sources/MFTableView.h; sourceTree = SOURCE_ROOT; };
		8119DFCC17E06BDB007AEDC2 /* MFTableView.m */ = {isa = PBXFileReference; fileEncoding = 4; lastKnownFileType = sourcecode.c.objc; name = MFTableView.m; path = Sources/MFTableView.m; sourceTree = SOURCE_ROOT; };
		8119DFCE17E06BE8007AEDC2 /* MFTableViewCell.h */ = {isa = PBXFileReference; fileEncoding = 4; lastKnownFileType = sourcecode.c.h; name = MFTableViewCell.h; path = Sources/MFTableViewCell.h; sourceTree = SOURCE_ROOT; };
		8119DFCF17E06BE8007AEDC2 /* MFTableViewCell.m */ = {isa = PBXFileReference; fileEncoding = 4; lastKnownFileType = sourcecode.c.objc; name = MFTableViewCell.m; path = Sources/MFTableViewCell.m; sourceTree = SOURCE_ROOT; };
		8119DFD117E06D85007AEDC2 /* MFWebFeed.h */ = {isa = PBXFileReference; fileEncoding = 4; lastKnownFileType = sourcecode.c.h; name = MFWebFeed.h; path = Sources/MFWebFeed.h; sourceTree = SOURCE_ROOT; };
		8119DFD217E06D85007AEDC2 /* MFWebFeed.m */ = {isa = PBXFileReference; fileEncoding = 4; lastKnownFileType = sourcecode.c.objc; name = MFWebFeed.m; path = Sources/MFWebFeed.m; sourceTree = SOURCE_ROOT; };
		8119DFD417E06D90007AEDC2 /* MFWebRequest.h */ = {isa = PBXFileReference; fileEncoding = 4; lastKnownFileType = sourcecode.c.h; name = MFWebRequest.h; path = Sources/MFWebRequest.h; sourceTree = SOURCE_ROOT; };
		8119DFD517E06D90007AEDC2 /* MFWebRequest.m */ = {isa = PBXFileReference; fileEncoding = 4; lastKnownFileType = sourcecode.c.objc; name = MFWebRequest.m; path = Sources/MFWebRequest.m; sourceTree = SOURCE_ROOT; };
		8119DFD717E06D9B007AEDC2 /* MFWebResource.h */ = {isa = PBXFileReference; fileEncoding = 4; lastKnownFileType = sourcecode.c.h; name = MFWebResource.h; path = Sources/MFWebResource.h; sourceTree = SOURCE_ROOT; };
		8119DFD817E06D9B007AEDC2 /* MFWebResource.m */ = {isa = PBXFileReference; fileEncoding = 4; lastKnownFileType = sourcecode.c.objc; name = MFWebResource.m; path = Sources/MFWebResource.m; sourceTree = SOURCE_ROOT; };
		8119DFDA17E06DAA007AEDC2 /* MFWebSession.h */ = {isa = PBXFileReference; fileEncoding = 4; lastKnownFileType = sourcecode.c.h; name = MFWebSession.h; path = Sources/MFWebSession.h; sourceTree = SOURCE_ROOT; };
		8119DFDB17E06DAA007AEDC2 /* MFWebSession.m */ = {isa = PBXFileReference; fileEncoding = 4; lastKnownFileType = sourcecode.c.objc; name = MFWebSession.m; path = Sources/MFWebSession.m; sourceTree = SOURCE_ROOT; };
		8119DFDD17E06DB6007AEDC2 /* MFWebService.h */ = {isa = PBXFileReference; fileEncoding = 4; lastKnownFileType = sourcecode.c.h; name = MFWebService.h; path = Sources/MFWebService.h; sourceTree = SOURCE_ROOT; };
		8119DFDE17E06DB6007AEDC2 /* MFWebService.m */ = {isa = PBXFileReference; fileEncoding = 4; lastKnownFileType = sourcecode.c.objc; name = MFWebService.m; path = Sources/MFWebService.m; sourceTree = SOURCE_ROOT; };
		8119DFE017E06DCF007AEDC2 /* MFWebUser.h */ = {isa = PBXFileReference; fileEncoding = 4; lastKnownFileType = sourcecode.c.h; name = MFWebUser.h; path = Sources/MFWebUser.h; sourceTree = SOURCE_ROOT; };
		8119DFE117E06DCF007AEDC2 /* MFWebUser.m */ = {isa = PBXFileReference; fileEncoding = 4; lastKnownFileType = sourcecode.c.objc; name = MFWebUser.m; path = Sources/MFWebUser.m; sourceTree = SOURCE_ROOT; };
		8119DFE317E06DF0007AEDC2 /* MFWebUpload.h */ = {isa = PBXFileReference; fileEncoding = 4; lastKnownFileType = sourcecode.c.h; name = MFWebUpload.h; path = Sources/MFWebUpload.h; sourceTree = SOURCE_ROOT; };
		8119DFE417E06DF0007AEDC2 /* MFWebUpload.m */ = {isa = PBXFileReference; fileEncoding = 4; lastKnownFileType = sourcecode.c.objc; name = MFWebUpload.m; path = Sources/MFWebUpload.m; sourceTree = SOURCE_ROOT; };
		8119DFE617E06E0B007AEDC2 /* MFWebAuthorization.h */ = {isa = PBXFileReference; fileEncoding = 4; lastKnownFileType = sourcecode.c.h; name = MFWebAuthorization.h; path = Sources/MFWebAuthorization.h; sourceTree = SOURCE_ROOT; };
		8119DFE717E06E0B007AEDC2 /* MFWebAuthorization.m */ = {isa = PBXFileReference; fileEncoding = 4; lastKnownFileType = sourcecode.c.objc; name = MFWebAuthorization.m; path = Sources/MFWebAuthorization.m; sourceTree = SOURCE_ROOT; };
		8119DFE917E06E25007AEDC2 /* MFWebServiceAuthenticationChallenge.h */ = {isa = PBXFileReference; lastKnownFileType = sourcecode.c.h; name = MFWebServiceAuthenticationChallenge.h; path = Sources/MFWebServiceAuthenticationChallenge.h; sourceTree = SOURCE_ROOT; };
		8119DFEA17E06E33007AEDC2 /* MFWebServiceDelegate.h */ = {isa = PBXFileReference; lastKnownFileType = sourcecode.c.h; name = MFWebServiceDelegate.h; path = Sources/MFWebServiceDelegate.h; sourceTree = SOURCE_ROOT; };
		8119DFEB17E06E44007AEDC2 /* MFWebServiceError.h */ = {isa = PBXFileReference; lastKnownFileType = sourcecode.c.h; name = MFWebServiceError.h; path = Sources/MFWebServiceError.h; sourceTree = SOURCE_ROOT; };
		8120C12F17DFA37100A1C3A9 /* MFPostController.h */ = {isa = PBXFileReference; fileEncoding = 4; lastKnownFileType = sourcecode.c.h; name = MFPostController.h; path = Sources/MFPostController.h; sourceTree = SOURCE_ROOT; };
		8120C13017DFA37100A1C3A9 /* MFPostController.m */ = {isa = PBXFileReference; fileEncoding = 4; lastKnownFileType = sourcecode.c.objc; name = MFPostController.m; path = Sources/MFPostController.m; sourceTree = SOURCE_ROOT; };
		8120C13217DFA7AD00A1C3A9 /* MFHomeController.h */ = {isa = PBXFileReference; fileEncoding = 4; lastKnownFileType = sourcecode.c.h; name = MFHomeController.h; path = Sources/MFHomeController.h; sourceTree = SOURCE_ROOT; };
		8120C13317DFA7AD00A1C3A9 /* MFHomeController.m */ = {isa = PBXFileReference; fileEncoding = 4; lastKnownFileType = sourcecode.c.objc; name = MFHomeController.m; path = Sources/MFHomeController.m; sourceTree = SOURCE_ROOT; };
		8120C13517DFA7C000A1C3A9 /* MFSearchController.h */ = {isa = PBXFileReference; fileEncoding = 4; lastKnownFileType = sourcecode.c.h; name = MFSearchController.h; path = Sources/MFSearchController.h; sourceTree = SOURCE_ROOT; };
		8120C13617DFA7C000A1C3A9 /* MFSearchController.m */ = {isa = PBXFileReference; fileEncoding = 4; lastKnownFileType = sourcecode.c.objc; name = MFSearchController.m; path = Sources/MFSearchController.m; sourceTree = SOURCE_ROOT; };
		8120C13817DFA82100A1C3A9 /* MFCartController.h */ = {isa = PBXFileReference; fileEncoding = 4; lastKnownFileType = sourcecode.c.h; name = MFCartController.h; path = Sources/MFCartController.h; sourceTree = SOURCE_ROOT; };
		8120C13917DFA82100A1C3A9 /* MFCartController.m */ = {isa = PBXFileReference; fileEncoding = 4; lastKnownFileType = sourcecode.c.objc; name = MFCartController.m; path = Sources/MFCartController.m; sourceTree = SOURCE_ROOT; };
		8120C13C17DFA8F400A1C3A9 /* UIColor+Additions.h */ = {isa = PBXFileReference; fileEncoding = 4; lastKnownFileType = sourcecode.c.h; name = "UIColor+Additions.h"; path = "Sources/Additions/UIColor+Additions.h"; sourceTree = SOURCE_ROOT; };
		8120C13D17DFA8F400A1C3A9 /* UIColor+Additions.m */ = {isa = PBXFileReference; fileEncoding = 4; lastKnownFileType = sourcecode.c.objc; name = "UIColor+Additions.m"; path = "Sources/Additions/UIColor+Additions.m"; sourceTree = SOURCE_ROOT; };
		8120C13F17DFA90300A1C3A9 /* UIFont+Additions.h */ = {isa = PBXFileReference; fileEncoding = 4; lastKnownFileType = sourcecode.c.h; name = "UIFont+Additions.h"; path = "Sources/Additions/UIFont+Additions.h"; sourceTree = SOURCE_ROOT; };
		8120C14017DFA90300A1C3A9 /* UIFont+Additions.m */ = {isa = PBXFileReference; fileEncoding = 4; lastKnownFileType = sourcecode.c.objc; name = "UIFont+Additions.m"; path = "Sources/Additions/UIFont+Additions.m"; sourceTree = SOURCE_ROOT; };
		8120C14217DFAD8C00A1C3A9 /* Menu-Cart@2x.png */ = {isa = PBXFileReference; lastKnownFileType = image.png; name = "Menu-Cart@2x.png"; path = "Images/Menu-Cart@2x.png"; sourceTree = "<group>"; };
		8120C14317DFAD8C00A1C3A9 /* Menu-Home.png */ = {isa = PBXFileReference; lastKnownFileType = image.png; name = "Menu-Home.png"; path = "Images/Menu-Home.png"; sourceTree = "<group>"; };
		8120C14417DFAD8C00A1C3A9 /* Menu-Home@2x.png */ = {isa = PBXFileReference; lastKnownFileType = image.png; name = "Menu-Home@2x.png"; path = "Images/Menu-Home@2x.png"; sourceTree = "<group>"; };
		8120C14517DFAD8C00A1C3A9 /* Menu-News.png */ = {isa = PBXFileReference; lastKnownFileType = image.png; name = "Menu-News.png"; path = "Images/Menu-News.png"; sourceTree = "<group>"; };
		8120C14617DFAD8C00A1C3A9 /* Menu-News@2x.png */ = {isa = PBXFileReference; lastKnownFileType = image.png; name = "Menu-News@2x.png"; path = "Images/Menu-News@2x.png"; sourceTree = "<group>"; };
		8120C14717DFAD8C00A1C3A9 /* Menu-Search.png */ = {isa = PBXFileReference; lastKnownFileType = image.png; name = "Menu-Search.png"; path = "Images/Menu-Search.png"; sourceTree = "<group>"; };
		8120C14817DFAD8C00A1C3A9 /* Menu-Search@2x.png */ = {isa = PBXFileReference; lastKnownFileType = image.png; name = "Menu-Search@2x.png"; path = "Images/Menu-Search@2x.png"; sourceTree = "<group>"; };
		8120C14917DFAD8C00A1C3A9 /* Menu-Sell.png */ = {isa = PBXFileReference; lastKnownFileType = image.png; name = "Menu-Sell.png"; path = "Images/Menu-Sell.png"; sourceTree = "<group>"; };
		8120C14A17DFAD8C00A1C3A9 /* Menu-Sell@2x.png */ = {isa = PBXFileReference; lastKnownFileType = image.png; name = "Menu-Sell@2x.png"; path = "Images/Menu-Sell@2x.png"; sourceTree = "<group>"; };
		8120C15417DFAD9600A1C3A9 /* Menu-Cart.png */ = {isa = PBXFileReference; lastKnownFileType = image.png; name = "Menu-Cart.png"; path = "Images/Menu-Cart.png"; sourceTree = "<group>"; };
		8120C15617DFAF0B00A1C3A9 /* MFNewsController.h */ = {isa = PBXFileReference; fileEncoding = 4; lastKnownFileType = sourcecode.c.h; name = MFNewsController.h; path = Sources/MFNewsController.h; sourceTree = SOURCE_ROOT; };
		8120C15717DFAF0B00A1C3A9 /* MFNewsController.m */ = {isa = PBXFileReference; fileEncoding = 4; lastKnownFileType = sourcecode.c.objc; name = MFNewsController.m; path = Sources/MFNewsController.m; sourceTree = SOURCE_ROOT; };
		8120C15917DFAFA600A1C3A9 /* MFNewPostController.h */ = {isa = PBXFileReference; fileEncoding = 4; lastKnownFileType = sourcecode.c.h; name = MFNewPostController.h; path = Sources/MFNewPostController.h; sourceTree = SOURCE_ROOT; };
		8120C15A17DFAFA600A1C3A9 /* MFNewPostController.m */ = {isa = PBXFileReference; fileEncoding = 4; lastKnownFileType = sourcecode.c.objc; name = MFNewPostController.m; path = Sources/MFNewPostController.m; sourceTree = SOURCE_ROOT; };
		8120C15C17DFB2F700A1C3A9 /* Navigation-Menu.png */ = {isa = PBXFileReference; lastKnownFileType = image.png; name = "Navigation-Menu.png"; path = "Images/Navigation-Menu.png"; sourceTree = "<group>"; };
		8120C15D17DFB2F700A1C3A9 /* Navigation-Menu@2x.png */ = {isa = PBXFileReference; lastKnownFileType = image.png; name = "Navigation-Menu@2x.png"; path = "Images/Navigation-Menu@2x.png"; sourceTree = "<group>"; };
		8120C16017DFB48600A1C3A9 /* Navigation-Filter.png */ = {isa = PBXFileReference; lastKnownFileType = image.png; name = "Navigation-Filter.png"; path = "Images/Navigation-Filter.png"; sourceTree = "<group>"; };
		8120C16117DFB48600A1C3A9 /* Navigation-Filter@2x.png */ = {isa = PBXFileReference; lastKnownFileType = image.png; name = "Navigation-Filter@2x.png"; path = "Images/Navigation-Filter@2x.png"; sourceTree = "<group>"; };
		8120C16417DFB7F100A1C3A9 /* MFWebController.h */ = {isa = PBXFileReference; fileEncoding = 4; lastKnownFileType = sourcecode.c.h; name = MFWebController.h; path = Sources/MFWebController.h; sourceTree = SOURCE_ROOT; };
		8120C16517DFB7F100A1C3A9 /* MFWebController.m */ = {isa = PBXFileReference; fileEncoding = 4; lastKnownFileType = sourcecode.c.objc; name = MFWebController.m; path = Sources/MFWebController.m; sourceTree = SOURCE_ROOT; };
		8120C16717DFBC4500A1C3A9 /* Pages */ = {isa = PBXFileReference; lastKnownFileType = folder; path = Pages; sourceTree = "<group>"; };
		8120C16917DFBD1200A1C3A9 /* MFPreferences.h */ = {isa = PBXFileReference; fileEncoding = 4; lastKnownFileType = sourcecode.c.h; name = MFPreferences.h; path = Sources/MFPreferences.h; sourceTree = SOURCE_ROOT; };
		8120C16A17DFBD1200A1C3A9 /* MFPreferences.m */ = {isa = PBXFileReference; fileEncoding = 4; lastKnownFileType = sourcecode.c.objc; name = MFPreferences.m; path = Sources/MFPreferences.m; sourceTree = SOURCE_ROOT; };
		8120C16C17DFBF1200A1C3A9 /* NSDictionary+Additions.h */ = {isa = PBXFileReference; fileEncoding = 4; lastKnownFileType = sourcecode.c.h; name = "NSDictionary+Additions.h"; path = "Sources/Additions/NSDictionary+Additions.h"; sourceTree = SOURCE_ROOT; };
		8120C16D17DFBF1200A1C3A9 /* NSDictionary+Additions.m */ = {isa = PBXFileReference; fileEncoding = 4; lastKnownFileType = sourcecode.c.objc; name = "NSDictionary+Additions.m"; path = "Sources/Additions/NSDictionary+Additions.m"; sourceTree = SOURCE_ROOT; };
		8120C16F17DFBFA700A1C3A9 /* NSString+Additions.h */ = {isa = PBXFileReference; fileEncoding = 4; lastKnownFileType = sourcecode.c.h; name = "NSString+Additions.h"; path = "Sources/Additions/NSString+Additions.h"; sourceTree = SOURCE_ROOT; };
		8120C17017DFBFA700A1C3A9 /* NSString+Additions.m */ = {isa = PBXFileReference; fileEncoding = 4; lastKnownFileType = sourcecode.c.objc; name = "NSString+Additions.m"; path = "Sources/Additions/NSString+Additions.m"; sourceTree = SOURCE_ROOT; };
		8120C17217E03CB900A1C3A9 /* MFMenu.h */ = {isa = PBXFileReference; fileEncoding = 4; lastKnownFileType = sourcecode.c.h; name = MFMenu.h; path = Sources/MFMenu.h; sourceTree = SOURCE_ROOT; };
		8120C17317E03CB900A1C3A9 /* MFMenu.m */ = {isa = PBXFileReference; fileEncoding = 4; lastKnownFileType = sourcecode.c.objc; name = MFMenu.m; path = Sources/MFMenu.m; sourceTree = SOURCE_ROOT; };
		8120C17517E03CC700A1C3A9 /* MFMenuItem.h */ = {isa = PBXFileReference; fileEncoding = 4; lastKnownFileType = sourcecode.c.h; name = MFMenuItem.h; path = Sources/MFMenuItem.h; sourceTree = SOURCE_ROOT; };
		8120C17617E03CC700A1C3A9 /* MFMenuItem.m */ = {isa = PBXFileReference; fileEncoding = 4; lastKnownFileType = sourcecode.c.objc; name = MFMenuItem.m; path = Sources/MFMenuItem.m; sourceTree = SOURCE_ROOT; };
		8120C17917E0470300A1C3A9 /* Home-About.png */ = {isa = PBXFileReference; lastKnownFileType = image.png; name = "Home-About.png"; path = "Images/Home-About.png"; sourceTree = "<group>"; };
		8120C17A17E0470300A1C3A9 /* Home-About@2x.png */ = {isa = PBXFileReference; lastKnownFileType = image.png; name = "Home-About@2x.png"; path = "Images/Home-About@2x.png"; sourceTree = "<group>"; };
		8120C17B17E0470300A1C3A9 /* Home-Bookmarks.png */ = {isa = PBXFileReference; lastKnownFileType = image.png; name = "Home-Bookmarks.png"; path = "Images/Home-Bookmarks.png"; sourceTree = "<group>"; };
		8120C17C17E0470300A1C3A9 /* Home-Bookmarks@2x.png */ = {isa = PBXFileReference; lastKnownFileType = image.png; name = "Home-Bookmarks@2x.png"; path = "Images/Home-Bookmarks@2x.png"; sourceTree = "<group>"; };
		8120C17D17E0470300A1C3A9 /* Home-BrowseAll.png */ = {isa = PBXFileReference; lastKnownFileType = image.png; name = "Home-BrowseAll.png"; path = "Images/Home-BrowseAll.png"; sourceTree = "<group>"; };
		8120C17E17E0470300A1C3A9 /* Home-BrowseAll@2x.png */ = {isa = PBXFileReference; lastKnownFileType = image.png; name = "Home-BrowseAll@2x.png"; path = "Images/Home-BrowseAll@2x.png"; sourceTree = "<group>"; };
		8120C17F17E0470300A1C3A9 /* Home-BrowseEditorial.png */ = {isa = PBXFileReference; lastKnownFileType = image.png; name = "Home-BrowseEditorial.png"; path = "Images/Home-BrowseEditorial.png"; sourceTree = "<group>"; };
		8120C18017E0470300A1C3A9 /* Home-BrowseEditorial@2x.png */ = {isa = PBXFileReference; lastKnownFileType = image.png; name = "Home-BrowseEditorial@2x.png"; path = "Images/Home-BrowseEditorial@2x.png"; sourceTree = "<group>"; };
		8120C18117E0470300A1C3A9 /* Home-BrowseNew.png */ = {isa = PBXFileReference; lastKnownFileType = image.png; name = "Home-BrowseNew.png"; path = "Images/Home-BrowseNew.png"; sourceTree = "<group>"; };
		8120C18217E0470300A1C3A9 /* Home-BrowseNew@2x.png */ = {isa = PBXFileReference; lastKnownFileType = image.png; name = "Home-BrowseNew@2x.png"; path = "Images/Home-BrowseNew@2x.png"; sourceTree = "<group>"; };
		8120C18317E0470300A1C3A9 /* Home-Guarantee.png */ = {isa = PBXFileReference; lastKnownFileType = image.png; name = "Home-Guarantee.png"; path = "Images/Home-Guarantee.png"; sourceTree = "<group>"; };
		8120C18417E0470300A1C3A9 /* Home-Guarantee@2x.png */ = {isa = PBXFileReference; lastKnownFileType = image.png; name = "Home-Guarantee@2x.png"; path = "Images/Home-Guarantee@2x.png"; sourceTree = "<group>"; };
		8120C18517E0470300A1C3A9 /* Home-History.png */ = {isa = PBXFileReference; lastKnownFileType = image.png; name = "Home-History.png"; path = "Images/Home-History.png"; sourceTree = "<group>"; };
		8120C18617E0470300A1C3A9 /* Home-History@2x.png */ = {isa = PBXFileReference; lastKnownFileType = image.png; name = "Home-History@2x.png"; path = "Images/Home-History@2x.png"; sourceTree = "<group>"; };
		8120C18717E0470300A1C3A9 /* Home-Profile.png */ = {isa = PBXFileReference; lastKnownFileType = image.png; name = "Home-Profile.png"; path = "Images/Home-Profile.png"; sourceTree = "<group>"; };
		8120C18817E0470300A1C3A9 /* Home-Profile@2x.png */ = {isa = PBXFileReference; lastKnownFileType = image.png; name = "Home-Profile@2x.png"; path = "Images/Home-Profile@2x.png"; sourceTree = "<group>"; };
		8120C18917E0470300A1C3A9 /* Home-Recents.png */ = {isa = PBXFileReference; lastKnownFileType = image.png; name = "Home-Recents.png"; path = "Images/Home-Recents.png"; sourceTree = "<group>"; };
		8120C18A17E0470300A1C3A9 /* Home-Recents@2x.png */ = {isa = PBXFileReference; lastKnownFileType = image.png; name = "Home-Recents@2x.png"; path = "Images/Home-Recents@2x.png"; sourceTree = "<group>"; };
		8120C18B17E0470300A1C3A9 /* Home-ReturnsPolicy.png */ = {isa = PBXFileReference; lastKnownFileType = image.png; name = "Home-ReturnsPolicy.png"; path = "Images/Home-ReturnsPolicy.png"; sourceTree = "<group>"; };
		8120C18C17E0470300A1C3A9 /* Home-ReturnsPolicy@2x.png */ = {isa = PBXFileReference; lastKnownFileType = image.png; name = "Home-ReturnsPolicy@2x.png"; path = "Images/Home-ReturnsPolicy@2x.png"; sourceTree = "<group>"; };
		8120C18D17E0470300A1C3A9 /* Home-Security.png */ = {isa = PBXFileReference; lastKnownFileType = image.png; name = "Home-Security.png"; path = "Images/Home-Security.png"; sourceTree = "<group>"; };
		8120C18E17E0470300A1C3A9 /* Home-Security@2x.png */ = {isa = PBXFileReference; lastKnownFileType = image.png; name = "Home-Security@2x.png"; path = "Images/Home-Security@2x.png"; sourceTree = "<group>"; };
		8120C18F17E0470300A1C3A9 /* Home-ShippingInfo.png */ = {isa = PBXFileReference; lastKnownFileType = image.png; name = "Home-ShippingInfo.png"; path = "Images/Home-ShippingInfo.png"; sourceTree = "<group>"; };
		8120C19017E0470300A1C3A9 /* Home-ShippingInfo@2x.png */ = {isa = PBXFileReference; lastKnownFileType = image.png; name = "Home-ShippingInfo@2x.png"; path = "Images/Home-ShippingInfo@2x.png"; sourceTree = "<group>"; };
		8120C1A917E049B400A1C3A9 /* Navigation-Logo.png */ = {isa = PBXFileReference; lastKnownFileType = image.png; name = "Navigation-Logo.png"; path = "Images/Navigation-Logo.png"; sourceTree = "<group>"; };
		8120C1AA17E049B400A1C3A9 /* Navigation-Logo@2x.png */ = {isa = PBXFileReference; lastKnownFileType = image.png; name = "Navigation-Logo@2x.png"; path = "Images/Navigation-Logo@2x.png"; sourceTree = "<group>"; };
		8120C1B017E0520E00A1C3A9 /* MFHomeHeaderView.h */ = {isa = PBXFileReference; fileEncoding = 4; lastKnownFileType = sourcecode.c.h; name = MFHomeHeaderView.h; path = Sources/MFHomeHeaderView.h; sourceTree = SOURCE_ROOT; };
		8120C1B117E0520E00A1C3A9 /* MFHomeHeaderView.m */ = {isa = PBXFileReference; fileEncoding = 4; lastKnownFileType = sourcecode.c.objc; name = MFHomeHeaderView.m; path = Sources/MFHomeHeaderView.m; sourceTree = SOURCE_ROOT; };
		8120C1B317E0532500A1C3A9 /* Home-ShopByColor.png */ = {isa = PBXFileReference; lastKnownFileType = image.png; name = "Home-ShopByColor.png"; path = "Images/Home-ShopByColor.png"; sourceTree = "<group>"; };
		8120C1B417E0532500A1C3A9 /* Home-ShopByDress.png */ = {isa = PBXFileReference; lastKnownFileType = image.png; name = "Home-ShopByDress.png"; path = "Images/Home-ShopByDress.png"; sourceTree = "<group>"; };
		8120C1B517E0532500A1C3A9 /* Home-ShopByDress@2x.png */ = {isa = PBXFileReference; lastKnownFileType = image.png; name = "Home-ShopByDress@2x.png"; path = "Images/Home-ShopByDress@2x.png"; sourceTree = "<group>"; };
		8120C1B917E0532E00A1C3A9 /* Home-ShopByColor@2x.png */ = {isa = PBXFileReference; lastKnownFileType = image.png; name = "Home-ShopByColor@2x.png"; path = "Images/Home-ShopByColor@2x.png"; sourceTree = "<group>"; };
		8120C1BB17E053A100A1C3A9 /* UIButton+Additions.h */ = {isa = PBXFileReference; fileEncoding = 4; lastKnownFileType = sourcecode.c.h; name = "UIButton+Additions.h"; path = "Sources/Additions/UIButton+Additions.h"; sourceTree = SOURCE_ROOT; };
		8120C1BC17E053A100A1C3A9 /* UIButton+Additions.m */ = {isa = PBXFileReference; fileEncoding = 4; lastKnownFileType = sourcecode.c.objc; name = "UIButton+Additions.m"; path = "Sources/Additions/UIButton+Additions.m"; sourceTree = SOURCE_ROOT; };
		8120C1BE17E0556900A1C3A9 /* MFHomeHeaderViewDelegate.h */ = {isa = PBXFileReference; lastKnownFileType = sourcecode.c.h; name = MFHomeHeaderViewDelegate.h; path = Sources/MFHomeHeaderViewDelegate.h; sourceTree = SOURCE_ROOT; };
		8120C1BF17E05C9F00A1C3A9 /* MFHomeFooterView.h */ = {isa = PBXFileReference; fileEncoding = 4; lastKnownFileType = sourcecode.c.h; name = MFHomeFooterView.h; path = Sources/MFHomeFooterView.h; sourceTree = SOURCE_ROOT; };
		8120C1C017E05C9F00A1C3A9 /* MFHomeFooterView.m */ = {isa = PBXFileReference; fileEncoding = 4; lastKnownFileType = sourcecode.c.objc; name = MFHomeFooterView.m; path = Sources/MFHomeFooterView.m; sourceTree = SOURCE_ROOT; };
		8120C1C217E05D7500A1C3A9 /* Home-Checkmark.png */ = {isa = PBXFileReference; lastKnownFileType = image.png; name = "Home-Checkmark.png"; path = "Images/Home-Checkmark.png"; sourceTree = "<group>"; };
		8120C1C317E05D7500A1C3A9 /* Home-Checkmark@2x.png */ = {isa = PBXFileReference; lastKnownFileType = image.png; name = "Home-Checkmark@2x.png"; path = "Images/Home-Checkmark@2x.png"; sourceTree = "<group>"; };
		8120C1C617E0681300A1C3A9 /* MFBookmarksController.h */ = {isa = PBXFileReference; fileEncoding = 4; lastKnownFileType = sourcecode.c.h; name = MFBookmarksController.h; path = Sources/MFBookmarksController.h; sourceTree = SOURCE_ROOT; };
		8120C1C717E0681300A1C3A9 /* MFBookmarksController.m */ = {isa = PBXFileReference; fileEncoding = 4; lastKnownFileType = sourcecode.c.objc; name = MFBookmarksController.m; path = Sources/MFBookmarksController.m; sourceTree = SOURCE_ROOT; };
		8120C1C917E0684E00A1C3A9 /* MFProfileController.h */ = {isa = PBXFileReference; fileEncoding = 4; lastKnownFileType = sourcecode.c.h; name = MFProfileController.h; path = Sources/MFProfileController.h; sourceTree = SOURCE_ROOT; };
		8120C1CA17E0684E00A1C3A9 /* MFProfileController.m */ = {isa = PBXFileReference; fileEncoding = 4; lastKnownFileType = sourcecode.c.objc; name = MFProfileController.m; path = Sources/MFProfileController.m; sourceTree = SOURCE_ROOT; };
		8120C1CC17E0685A00A1C3A9 /* MFHistoryController.h */ = {isa = PBXFileReference; fileEncoding = 4; lastKnownFileType = sourcecode.c.h; name = MFHistoryController.h; path = Sources/MFHistoryController.h; sourceTree = SOURCE_ROOT; };
		8120C1CD17E0685A00A1C3A9 /* MFHistoryController.m */ = {isa = PBXFileReference; fileEncoding = 4; lastKnownFileType = sourcecode.c.objc; name = MFHistoryController.m; path = Sources/MFHistoryController.m; sourceTree = SOURCE_ROOT; };
		8120C1CF17E068EF00A1C3A9 /* MFRecentsController.h */ = {isa = PBXFileReference; fileEncoding = 4; lastKnownFileType = sourcecode.c.h; name = MFRecentsController.h; path = Sources/MFRecentsController.h; sourceTree = SOURCE_ROOT; };
		8120C1D017E068EF00A1C3A9 /* MFRecentsController.m */ = {isa = PBXFileReference; fileEncoding = 4; lastKnownFileType = sourcecode.c.objc; name = MFRecentsController.m; path = Sources/MFRecentsController.m; sourceTree = SOURCE_ROOT; };
		8120C1D217E0698F00A1C3A9 /* MFBrowseController.h */ = {isa = PBXFileReference; fileEncoding = 4; lastKnownFileType = sourcecode.c.h; name = MFBrowseController.h; path = Sources/MFBrowseController.h; sourceTree = SOURCE_ROOT; };
		8120C1D317E0698F00A1C3A9 /* MFBrowseController.m */ = {isa = PBXFileReference; fileEncoding = 4; lastKnownFileType = sourcecode.c.objc; name = MFBrowseController.m; path = Sources/MFBrowseController.m; sourceTree = SOURCE_ROOT; };
		812F4AAA17DEFCC600454747 /* en */ = {isa = PBXFileReference; lastKnownFileType = text.plist.strings; name = en; path = en.lproj/Localizable.strings; sourceTree = SOURCE_ROOT; };
		812F4AAC17DEFCD300454747 /* Info.plist */ = {isa = PBXFileReference; lastKnownFileType = text.plist.xml; path = Info.plist; sourceTree = SOURCE_ROOT; };
		812F4AAD17DEFCD300454747 /* Prefix.pch */ = {isa = PBXFileReference; lastKnownFileType = sourcecode.c.h; path = Prefix.pch; sourceTree = SOURCE_ROOT; };
		812F4AAF17DEFD0300454747 /* Default-568h@2x.png */ = {isa = PBXFileReference; lastKnownFileType = image.png; name = "Default-568h@2x.png"; path = "Images/Default-568h@2x.png"; sourceTree = "<group>"; };
		812F4AB017DEFD0300454747 /* Default.png */ = {isa = PBXFileReference; lastKnownFileType = image.png; name = Default.png; path = Images/Default.png; sourceTree = "<group>"; };
		812F4AB117DEFD0300454747 /* Default@2x.png */ = {isa = PBXFileReference; lastKnownFileType = image.png; name = "Default@2x.png"; path = "Images/Default@2x.png"; sourceTree = "<group>"; };
		812F4AB617DEFD4800454747 /* main.m */ = {isa = PBXFileReference; fileEncoding = 4; lastKnownFileType = sourcecode.c.objc; name = main.m; path = Sources/main.m; sourceTree = SOURCE_ROOT; };
		812F4AB717DEFD4800454747 /* MFApplicationDelegate.h */ = {isa = PBXFileReference; fileEncoding = 4; lastKnownFileType = sourcecode.c.h; name = MFApplicationDelegate.h; path = Sources/MFApplicationDelegate.h; sourceTree = SOURCE_ROOT; };
		812F4AB817DEFD4800454747 /* MFApplicationDelegate.m */ = {isa = PBXFileReference; fileEncoding = 4; lastKnownFileType = sourcecode.c.objc; name = MFApplicationDelegate.m; path = Sources/MFApplicationDelegate.m; sourceTree = SOURCE_ROOT; };
		812F4ABB17DEFDB400454747 /* MFFeedController.h */ = {isa = PBXFileReference; fileEncoding = 4; lastKnownFileType = sourcecode.c.h; name = MFFeedController.h; path = Sources/MFFeedController.h; sourceTree = SOURCE_ROOT; };
		812F4ABC17DEFDB400454747 /* MFFeedController.m */ = {isa = PBXFileReference; fileEncoding = 4; lastKnownFileType = sourcecode.c.objc; name = MFFeedController.m; path = Sources/MFFeedController.m; sourceTree = SOURCE_ROOT; };
		812F4AC017DEFE5300454747 /* JSONKit.h */ = {isa = PBXFileReference; fileEncoding = 4; lastKnownFileType = sourcecode.c.h; name = JSONKit.h; path = Sources/JSONKit/JSONKit.h; sourceTree = SOURCE_ROOT; };
		812F4AC117DEFE5300454747 /* JSONKit.m */ = {isa = PBXFileReference; fileEncoding = 4; lastKnownFileType = sourcecode.c.objc; name = JSONKit.m; path = Sources/JSONKit/JSONKit.m; sourceTree = SOURCE_ROOT; };
		812F4AC517DEFE9400454747 /* Reachability.h */ = {isa = PBXFileReference; fileEncoding = 4; lastKnownFileType = sourcecode.c.h; name = Reachability.h; path = Sources/Reachability/Reachability.h; sourceTree = SOURCE_ROOT; };
		812F4AC617DEFE9400454747 /* Reachability.m */ = {isa = PBXFileReference; fileEncoding = 4; lastKnownFileType = sourcecode.c.objc; name = Reachability.m; path = Sources/Reachability/Reachability.m; sourceTree = SOURCE_ROOT; };
		812F4AC817DEFE9C00454747 /* MBProgressHUD.h */ = {isa = PBXFileReference; fileEncoding = 4; lastKnownFileType = sourcecode.c.h; name = MBProgressHUD.h; path = Sources/MBProgressHUD/MBProgressHUD.h; sourceTree = SOURCE_ROOT; };
		812F4AC917DEFE9C00454747 /* MBProgressHUD.m */ = {isa = PBXFileReference; fileEncoding = 4; lastKnownFileType = sourcecode.c.objc; name = MBProgressHUD.m; path = Sources/MBProgressHUD/MBProgressHUD.m; sourceTree = SOURCE_ROOT; };
		812F4ACC17DEFEE900454747 /* ASIAuthenticationDialog.h */ = {isa = PBXFileReference; fileEncoding = 4; lastKnownFileType = sourcecode.c.h; name = ASIAuthenticationDialog.h; path = Sources/ASIHTTPRequest/ASIAuthenticationDialog.h; sourceTree = SOURCE_ROOT; };
		812F4ACD17DEFEE900454747 /* ASIAuthenticationDialog.m */ = {isa = PBXFileReference; fileEncoding = 4; lastKnownFileType = sourcecode.c.objc; name = ASIAuthenticationDialog.m; path = Sources/ASIHTTPRequest/ASIAuthenticationDialog.m; sourceTree = SOURCE_ROOT; };
		812F4ACE17DEFEE900454747 /* ASICacheDelegate.h */ = {isa = PBXFileReference; fileEncoding = 4; lastKnownFileType = sourcecode.c.h; name = ASICacheDelegate.h; path = Sources/ASIHTTPRequest/ASICacheDelegate.h; sourceTree = SOURCE_ROOT; };
		812F4ACF17DEFEE900454747 /* ASIDataCompressor.h */ = {isa = PBXFileReference; fileEncoding = 4; lastKnownFileType = sourcecode.c.h; name = ASIDataCompressor.h; path = Sources/ASIHTTPRequest/ASIDataCompressor.h; sourceTree = SOURCE_ROOT; };
		812F4AD017DEFEE900454747 /* ASIDataCompressor.m */ = {isa = PBXFileReference; fileEncoding = 4; lastKnownFileType = sourcecode.c.objc; name = ASIDataCompressor.m; path = Sources/ASIHTTPRequest/ASIDataCompressor.m; sourceTree = SOURCE_ROOT; };
		812F4AD117DEFEE900454747 /* ASIDataDecompressor.h */ = {isa = PBXFileReference; fileEncoding = 4; lastKnownFileType = sourcecode.c.h; name = ASIDataDecompressor.h; path = Sources/ASIHTTPRequest/ASIDataDecompressor.h; sourceTree = SOURCE_ROOT; };
		812F4AD217DEFEE900454747 /* ASIDataDecompressor.m */ = {isa = PBXFileReference; fileEncoding = 4; lastKnownFileType = sourcecode.c.objc; name = ASIDataDecompressor.m; path = Sources/ASIHTTPRequest/ASIDataDecompressor.m; sourceTree = SOURCE_ROOT; };
		812F4AD317DEFEE900454747 /* ASIDownloadCache.h */ = {isa = PBXFileReference; fileEncoding = 4; lastKnownFileType = sourcecode.c.h; name = ASIDownloadCache.h; path = Sources/ASIHTTPRequest/ASIDownloadCache.h; sourceTree = SOURCE_ROOT; };
		812F4AD417DEFEE900454747 /* ASIDownloadCache.m */ = {isa = PBXFileReference; fileEncoding = 4; lastKnownFileType = sourcecode.c.objc; name = ASIDownloadCache.m; path = Sources/ASIHTTPRequest/ASIDownloadCache.m; sourceTree = SOURCE_ROOT; };
		812F4AD517DEFEE900454747 /* ASIFormDataRequest.h */ = {isa = PBXFileReference; fileEncoding = 4; lastKnownFileType = sourcecode.c.h; name = ASIFormDataRequest.h; path = Sources/ASIHTTPRequest/ASIFormDataRequest.h; sourceTree = SOURCE_ROOT; };
		812F4AD617DEFEE900454747 /* ASIFormDataRequest.m */ = {isa = PBXFileReference; fileEncoding = 4; lastKnownFileType = sourcecode.c.objc; name = ASIFormDataRequest.m; path = Sources/ASIHTTPRequest/ASIFormDataRequest.m; sourceTree = SOURCE_ROOT; };
		812F4AD717DEFEE900454747 /* ASIHTTPRequest.h */ = {isa = PBXFileReference; fileEncoding = 4; lastKnownFileType = sourcecode.c.h; name = ASIHTTPRequest.h; path = Sources/ASIHTTPRequest/ASIHTTPRequest.h; sourceTree = SOURCE_ROOT; };
		812F4AD817DEFEE900454747 /* ASIHTTPRequest.m */ = {isa = PBXFileReference; fileEncoding = 4; lastKnownFileType = sourcecode.c.objc; name = ASIHTTPRequest.m; path = Sources/ASIHTTPRequest/ASIHTTPRequest.m; sourceTree = SOURCE_ROOT; };
		812F4AD917DEFEE900454747 /* ASIHTTPRequestConfig.h */ = {isa = PBXFileReference; fileEncoding = 4; lastKnownFileType = sourcecode.c.h; name = ASIHTTPRequestConfig.h; path = Sources/ASIHTTPRequest/ASIHTTPRequestConfig.h; sourceTree = SOURCE_ROOT; };
		812F4ADA17DEFEE900454747 /* ASIHTTPRequestDelegate.h */ = {isa = PBXFileReference; fileEncoding = 4; lastKnownFileType = sourcecode.c.h; name = ASIHTTPRequestDelegate.h; path = Sources/ASIHTTPRequest/ASIHTTPRequestDelegate.h; sourceTree = SOURCE_ROOT; };
		812F4ADB17DEFEE900454747 /* ASIInputStream.h */ = {isa = PBXFileReference; fileEncoding = 4; lastKnownFileType = sourcecode.c.h; name = ASIInputStream.h; path = Sources/ASIHTTPRequest/ASIInputStream.h; sourceTree = SOURCE_ROOT; };
		812F4ADC17DEFEE900454747 /* ASIInputStream.m */ = {isa = PBXFileReference; fileEncoding = 4; lastKnownFileType = sourcecode.c.objc; name = ASIInputStream.m; path = Sources/ASIHTTPRequest/ASIInputStream.m; sourceTree = SOURCE_ROOT; };
		812F4ADD17DEFEE900454747 /* ASINetworkQueue.h */ = {isa = PBXFileReference; fileEncoding = 4; lastKnownFileType = sourcecode.c.h; name = ASINetworkQueue.h; path = Sources/ASIHTTPRequest/ASINetworkQueue.h; sourceTree = SOURCE_ROOT; };
		812F4ADE17DEFEE900454747 /* ASINetworkQueue.m */ = {isa = PBXFileReference; fileEncoding = 4; lastKnownFileType = sourcecode.c.objc; name = ASINetworkQueue.m; path = Sources/ASIHTTPRequest/ASINetworkQueue.m; sourceTree = SOURCE_ROOT; };
		812F4ADF17DEFEE900454747 /* ASIProgressDelegate.h */ = {isa = PBXFileReference; fileEncoding = 4; lastKnownFileType = sourcecode.c.h; name = ASIProgressDelegate.h; path = Sources/ASIHTTPRequest/ASIProgressDelegate.h; sourceTree = SOURCE_ROOT; };
		812F4AE817DF003800454747 /* Icon57.png */ = {isa = PBXFileReference; lastKnownFileType = image.png; name = Icon57.png; path = Images/Icon57.png; sourceTree = "<group>"; };
		812F4AE917DF003800454747 /* Icon114.png */ = {isa = PBXFileReference; lastKnownFileType = image.png; name = Icon114.png; path = Images/Icon114.png; sourceTree = "<group>"; };
		812F4AEA17DF003800454747 /* Icon120.png */ = {isa = PBXFileReference; lastKnownFileType = image.png; name = Icon120.png; path = Images/Icon120.png; sourceTree = "<group>"; };
		812F4AEB17DF003800454747 /* Icon144.png */ = {isa = PBXFileReference; lastKnownFileType = image.png; name = Icon144.png; path = Images/Icon144.png; sourceTree = "<group>"; };
		812F4AF017DF00F100454747 /* CFNetwork.framework */ = {isa = PBXFileReference; lastKnownFileType = wrapper.framework; name = CFNetwork.framework; path = System/Library/Frameworks/CFNetwork.framework; sourceTree = SDKROOT; };
		812F4AF217DF00FD00454747 /* libz.dylib */ = {isa = PBXFileReference; lastKnownFileType = "compiled.mach-o.dylib"; name = libz.dylib; path = usr/lib/libz.dylib; sourceTree = SDKROOT; };
		812F4AF417DF011E00454747 /* SystemConfiguration.framework */ = {isa = PBXFileReference; lastKnownFileType = wrapper.framework; name = SystemConfiguration.framework; path = System/Library/Frameworks/SystemConfiguration.framework; sourceTree = SDKROOT; };
		812F4AF617DF015500454747 /* CoreTelephony.framework */ = {isa = PBXFileReference; lastKnownFileType = wrapper.framework; name = CoreTelephony.framework; path = System/Library/Frameworks/CoreTelephony.framework; sourceTree = SDKROOT; };
		812F4AF817DF017F00454747 /* MobileCoreServices.framework */ = {isa = PBXFileReference; lastKnownFileType = wrapper.framework; name = MobileCoreServices.framework; path = System/Library/Frameworks/MobileCoreServices.framework; sourceTree = SDKROOT; };
		812F4AFB17DF019600454747 /* en */ = {isa = PBXFileReference; lastKnownFileType = text.plist.strings; name = en; path = ../../Nautest/trunk/ios/en.lproj/InfoPlist.strings; sourceTree = "<group>"; };
		818F916A17DF958D00D1A723 /* MFSideMenu.h */ = {isa = PBXFileReference; fileEncoding = 4; lastKnownFileType = sourcecode.c.h; name = MFSideMenu.h; path = Sources/MFSideMenu/MFSideMenu.h; sourceTree = SOURCE_ROOT; };
		818F916B17DF958D00D1A723 /* MFSideMenuContainerViewController.h */ = {isa = PBXFileReference; fileEncoding = 4; lastKnownFileType = sourcecode.c.h; name = MFSideMenuContainerViewController.h; path = Sources/MFSideMenu/MFSideMenuContainerViewController.h; sourceTree = SOURCE_ROOT; };
		818F916C17DF958D00D1A723 /* MFSideMenuContainerViewController.m */ = {isa = PBXFileReference; fileEncoding = 4; lastKnownFileType = sourcecode.c.objc; name = MFSideMenuContainerViewController.m; path = Sources/MFSideMenu/MFSideMenuContainerViewController.m; sourceTree = SOURCE_ROOT; };
		818F916D17DF958D00D1A723 /* MFSideMenuShadow.h */ = {isa = PBXFileReference; fileEncoding = 4; lastKnownFileType = sourcecode.c.h; name = MFSideMenuShadow.h; path = Sources/MFSideMenu/MFSideMenuShadow.h; sourceTree = SOURCE_ROOT; };
		818F916E17DF958D00D1A723 /* MFSideMenuShadow.m */ = {isa = PBXFileReference; fileEncoding = 4; lastKnownFileType = sourcecode.c.objc; name = MFSideMenuShadow.m; path = Sources/MFSideMenu/MFSideMenuShadow.m; sourceTree = SOURCE_ROOT; };
		818F916F17DF958D00D1A723 /* UIViewController+MFSideMenuAdditions.h */ = {isa = PBXFileReference; fileEncoding = 4; lastKnownFileType = sourcecode.c.h; name = "UIViewController+MFSideMenuAdditions.h"; path = "Sources/MFSideMenu/UIViewController+MFSideMenuAdditions.h"; sourceTree = SOURCE_ROOT; };
		818F917017DF958D00D1A723 /* UIViewController+MFSideMenuAdditions.m */ = {isa = PBXFileReference; fileEncoding = 4; lastKnownFileType = sourcecode.c.objc; name = "UIViewController+MFSideMenuAdditions.m"; path = "Sources/MFSideMenu/UIViewController+MFSideMenuAdditions.m"; sourceTree = SOURCE_ROOT; };
		818F917417DF95F400D1A723 /* MFMenuController.h */ = {isa = PBXFileReference; fileEncoding = 4; lastKnownFileType = sourcecode.c.h; name = MFMenuController.h; path = Sources/MFMenuController.h; sourceTree = SOURCE_ROOT; };
		818F917517DF95F400D1A723 /* MFMenuController.m */ = {isa = PBXFileReference; fileEncoding = 4; lastKnownFileType = sourcecode.c.objc; name = MFMenuController.m; path = Sources/MFMenuController.m; sourceTree = SOURCE_ROOT; };
/* End PBXFileReference section */

/* Begin PBXFrameworksBuildPhase section */
		810D05F817DEFC220058CE52 /* Frameworks */ = {
			isa = PBXFrameworksBuildPhase;
			buildActionMask = 2147483647;
			files = (
				812F4AF917DF017F00454747 /* MobileCoreServices.framework in Frameworks */,
				812F4AF517DF011E00454747 /* SystemConfiguration.framework in Frameworks */,
				812F4AF117DF00F100454747 /* CFNetwork.framework in Frameworks */,
				810D05FF17DEFC220058CE52 /* UIKit.framework in Frameworks */,
				810D060117DEFC220058CE52 /* Foundation.framework in Frameworks */,
				810D060317DEFC220058CE52 /* CoreGraphics.framework in Frameworks */,
				812F4AF317DF00FD00454747 /* libz.dylib in Frameworks */,
			);
			runOnlyForDeploymentPostprocessing = 0;
		};
/* End PBXFrameworksBuildPhase section */

/* Begin PBXGroup section */
		810D05F217DEFC220058CE52 = {
			isa = PBXGroup;
			children = (
				810D060417DEFC220058CE52 /* Sources */,
				810D060517DEFC220058CE52 /* Supporting Files */,
				812F4AAE17DEFCE400454747 /* Resources */,
				810D05FD17DEFC220058CE52 /* Frameworks */,
				810D05FC17DEFC220058CE52 /* Products */,
			);
			sourceTree = "<group>";
		};
		810D05FC17DEFC220058CE52 /* Products */ = {
			isa = PBXGroup;
			children = (
				810D05FB17DEFC220058CE52 /* Reloved.app */,
			);
			name = Products;
			sourceTree = "<group>";
		};
		810D05FD17DEFC220058CE52 /* Frameworks */ = {
			isa = PBXGroup;
			children = (
				812F4AF817DF017F00454747 /* MobileCoreServices.framework */,
				812F4AF617DF015500454747 /* CoreTelephony.framework */,
				812F4AF417DF011E00454747 /* SystemConfiguration.framework */,
				812F4AF017DF00F100454747 /* CFNetwork.framework */,
				810D05FE17DEFC220058CE52 /* UIKit.framework */,
				810D060017DEFC220058CE52 /* Foundation.framework */,
				810D060217DEFC220058CE52 /* CoreGraphics.framework */,
				812F4AF217DF00FD00454747 /* libz.dylib */,
			);
			name = Frameworks;
			sourceTree = "<group>";
		};
		810D060417DEFC220058CE52 /* Sources */ = {
			isa = PBXGroup;
			children = (
				812F4ABE17DEFE2600454747 /* Additions */,
				8120C1AF17E051D000A1C3A9 /* Models */,
				8120C1AE17E051C100A1C3A9 /* Web */,
				8120C1AD17E051B900A1C3A9 /* Views */,
				812F4AB717DEFD4800454747 /* MFApplicationDelegate.h */,
				812F4AB817DEFD4800454747 /* MFApplicationDelegate.m */,
				8120C1C617E0681300A1C3A9 /* MFBookmarksController.h */,
				8120C1C717E0681300A1C3A9 /* MFBookmarksController.m */,
				8120C1D217E0698F00A1C3A9 /* MFBrowseController.h */,
				8120C1D317E0698F00A1C3A9 /* MFBrowseController.m */,
				8120C13817DFA82100A1C3A9 /* MFCartController.h */,
				8120C13917DFA82100A1C3A9 /* MFCartController.m */,
				812F4ABB17DEFDB400454747 /* MFFeedController.h */,
				812F4ABC17DEFDB400454747 /* MFFeedController.m */,
				8120C1CC17E0685A00A1C3A9 /* MFHistoryController.h */,
				8120C1CD17E0685A00A1C3A9 /* MFHistoryController.m */,
				8120C13217DFA7AD00A1C3A9 /* MFHomeController.h */,
				8120C13317DFA7AD00A1C3A9 /* MFHomeController.m */,
				818F917417DF95F400D1A723 /* MFMenuController.h */,
				818F917517DF95F400D1A723 /* MFMenuController.m */,
				8120C17217E03CB900A1C3A9 /* MFMenu.h */,
				8120C17317E03CB900A1C3A9 /* MFMenu.m */,
				8120C17517E03CC700A1C3A9 /* MFMenuItem.h */,
				8120C17617E03CC700A1C3A9 /* MFMenuItem.m */,
				8120C15917DFAFA600A1C3A9 /* MFNewPostController.h */,
				8120C15A17DFAFA600A1C3A9 /* MFNewPostController.m */,
				8120C15617DFAF0B00A1C3A9 /* MFNewsController.h */,
				8120C15717DFAF0B00A1C3A9 /* MFNewsController.m */,
				8120C12F17DFA37100A1C3A9 /* MFPostController.h */,
				8120C13017DFA37100A1C3A9 /* MFPostController.m */,
				8120C16917DFBD1200A1C3A9 /* MFPreferences.h */,
				8120C16A17DFBD1200A1C3A9 /* MFPreferences.m */,
				8120C1C917E0684E00A1C3A9 /* MFProfileController.h */,
				8120C1CA17E0684E00A1C3A9 /* MFProfileController.m */,
				8120C1CF17E068EF00A1C3A9 /* MFRecentsController.h */,
				8120C1D017E068EF00A1C3A9 /* MFRecentsController.m */,
				8120C13517DFA7C000A1C3A9 /* MFSearchController.h */,
				8120C13617DFA7C000A1C3A9 /* MFSearchController.m */,
				8120C16417DFB7F100A1C3A9 /* MFWebController.h */,
				8120C16517DFB7F100A1C3A9 /* MFWebController.m */,
			);
			name = Sources;
			path = Reloved;
			sourceTree = "<group>";
		};
		810D060517DEFC220058CE52 /* Supporting Files */ = {
			isa = PBXGroup;
			children = (
				812F4ACB17DEFEC600454747 /* ASIHTTPRequest */,
				812F4ABF17DEFE3600454747 /* JSONKit */,
				812F4AC417DEFE8600454747 /* MBProgressHUD */,
				818F915F17DF955F00D1A723 /* MFSideMenu */,
				812F4AC317DEFE8000454747 /* Reachability */,
				812F4AAC17DEFCD300454747 /* Info.plist */,
				812F4AAD17DEFCD300454747 /* Prefix.pch */,
				812F4AB617DEFD4800454747 /* main.m */,
			);
			name = "Supporting Files";
			path = Reloved;
			sourceTree = "<group>";
		};
		8120C1AD17E051B900A1C3A9 /* Views */ = {
			isa = PBXGroup;
			children = (
				8120C1BF17E05C9F00A1C3A9 /* MFHomeFooterView.h */,
				8120C1C017E05C9F00A1C3A9 /* MFHomeFooterView.m */,
				8120C1B017E0520E00A1C3A9 /* MFHomeHeaderView.h */,
				8120C1B117E0520E00A1C3A9 /* MFHomeHeaderView.m */,
				8120C1BE17E0556900A1C3A9 /* MFHomeHeaderViewDelegate.h */,
				8119DFC817E06BCC007AEDC2 /* MFImageView.h */,
				8119DFC917E06BCC007AEDC2 /* MFImageView.m */,
				8119DFCB17E06BDB007AEDC2 /* MFTableView.h */,
				8119DFCC17E06BDB007AEDC2 /* MFTableView.m */,
				8119DFCE17E06BE8007AEDC2 /* MFTableViewCell.h */,
				8119DFCF17E06BE8007AEDC2 /* MFTableViewCell.m */,
			);
			name = Views;
			sourceTree = "<group>";
		};
		8120C1AE17E051C100A1C3A9 /* Web */ = {
			isa = PBXGroup;
			children = (
				8119DFE617E06E0B007AEDC2 /* MFWebAuthorization.h */,
				8119DFE717E06E0B007AEDC2 /* MFWebAuthorization.m */,
				8119DFD117E06D85007AEDC2 /* MFWebFeed.h */,
				8119DFD217E06D85007AEDC2 /* MFWebFeed.m */,
				8119DFD417E06D90007AEDC2 /* MFWebRequest.h */,
				8119DFD517E06D90007AEDC2 /* MFWebRequest.m */,
				8119DFD717E06D9B007AEDC2 /* MFWebResource.h */,
				8119DFD817E06D9B007AEDC2 /* MFWebResource.m */,
				8119DFDA17E06DAA007AEDC2 /* MFWebSession.h */,
				8119DFDB17E06DAA007AEDC2 /* MFWebSession.m */,
				8119DFDD17E06DB6007AEDC2 /* MFWebService.h */,
				8119DFDE17E06DB6007AEDC2 /* MFWebService.m */,
				8119DFE917E06E25007AEDC2 /* MFWebServiceAuthenticationChallenge.h */,
				8119DFEA17E06E33007AEDC2 /* MFWebServiceDelegate.h */,
				8119DFEB17E06E44007AEDC2 /* MFWebServiceError.h */,
				8119DFE317E06DF0007AEDC2 /* MFWebUpload.h */,
				8119DFE417E06DF0007AEDC2 /* MFWebUpload.m */,
				8119DFE017E06DCF007AEDC2 /* MFWebUser.h */,
				8119DFE117E06DCF007AEDC2 /* MFWebUser.m */,
			);
			name = Web;
			sourceTree = "<group>";
		};
		8120C1AF17E051D000A1C3A9 /* Models */ = {
			isa = PBXGroup;
			children = (
			);
			name = Models;
			sourceTree = "<group>";
		};
		812F4AAE17DEFCE400454747 /* Resources */ = {
			isa = PBXGroup;
			children = (
				812F4AB517DEFD0600454747 /* Images */,
				8120C16717DFBC4500A1C3A9 /* Pages */,
				812F4AFA17DF019600454747 /* InfoPlist.strings */,
				812F4AA917DEFCC600454747 /* Localizable.strings */,
			);
			name = Resources;
			sourceTree = "<group>";
		};
		812F4AB517DEFD0600454747 /* Images */ = {
			isa = PBXGroup;
			children = (
				812F4AAF17DEFD0300454747 /* Default-568h@2x.png */,
				812F4AB017DEFD0300454747 /* Default.png */,
				812F4AB117DEFD0300454747 /* Default@2x.png */,
				8120C17917E0470300A1C3A9 /* Home-About.png */,
				8120C17A17E0470300A1C3A9 /* Home-About@2x.png */,
				8120C17B17E0470300A1C3A9 /* Home-Bookmarks.png */,
				8120C17C17E0470300A1C3A9 /* Home-Bookmarks@2x.png */,
				8120C17D17E0470300A1C3A9 /* Home-BrowseAll.png */,
				8120C17E17E0470300A1C3A9 /* Home-BrowseAll@2x.png */,
				8120C17F17E0470300A1C3A9 /* Home-BrowseEditorial.png */,
				8120C18017E0470300A1C3A9 /* Home-BrowseEditorial@2x.png */,
				8120C18117E0470300A1C3A9 /* Home-BrowseNew.png */,
				8120C18217E0470300A1C3A9 /* Home-BrowseNew@2x.png */,
				8120C1C217E05D7500A1C3A9 /* Home-Checkmark.png */,
				8120C1C317E05D7500A1C3A9 /* Home-Checkmark@2x.png */,
				8120C18317E0470300A1C3A9 /* Home-Guarantee.png */,
				8120C18417E0470300A1C3A9 /* Home-Guarantee@2x.png */,
				8120C18517E0470300A1C3A9 /* Home-History.png */,
				8120C18617E0470300A1C3A9 /* Home-History@2x.png */,
				8120C18717E0470300A1C3A9 /* Home-Profile.png */,
				8120C18817E0470300A1C3A9 /* Home-Profile@2x.png */,
				8120C18917E0470300A1C3A9 /* Home-Recents.png */,
				8120C18A17E0470300A1C3A9 /* Home-Recents@2x.png */,
				8120C18B17E0470300A1C3A9 /* Home-ReturnsPolicy.png */,
				8120C18C17E0470300A1C3A9 /* Home-ReturnsPolicy@2x.png */,
				8120C18D17E0470300A1C3A9 /* Home-Security.png */,
				8120C18E17E0470300A1C3A9 /* Home-Security@2x.png */,
				8120C18F17E0470300A1C3A9 /* Home-ShippingInfo.png */,
				8120C19017E0470300A1C3A9 /* Home-ShippingInfo@2x.png */,
				8120C1B317E0532500A1C3A9 /* Home-ShopByColor.png */,
				8120C1B917E0532E00A1C3A9 /* Home-ShopByColor@2x.png */,
				8120C1B417E0532500A1C3A9 /* Home-ShopByDress.png */,
				8120C1B517E0532500A1C3A9 /* Home-ShopByDress@2x.png */,
				812F4AE817DF003800454747 /* Icon57.png */,
				812F4AE917DF003800454747 /* Icon114.png */,
				812F4AEA17DF003800454747 /* Icon120.png */,
				812F4AEB17DF003800454747 /* Icon144.png */,
				8120C15417DFAD9600A1C3A9 /* Menu-Cart.png */,
				8120C14217DFAD8C00A1C3A9 /* Menu-Cart@2x.png */,
				8120C14317DFAD8C00A1C3A9 /* Menu-Home.png */,
				8120C14417DFAD8C00A1C3A9 /* Menu-Home@2x.png */,
				8120C14517DFAD8C00A1C3A9 /* Menu-News.png */,
				8120C14617DFAD8C00A1C3A9 /* Menu-News@2x.png */,
				8120C14717DFAD8C00A1C3A9 /* Menu-Search.png */,
				8120C14817DFAD8C00A1C3A9 /* Menu-Search@2x.png */,
				8120C14917DFAD8C00A1C3A9 /* Menu-Sell.png */,
				8120C14A17DFAD8C00A1C3A9 /* Menu-Sell@2x.png */,
				8120C16017DFB48600A1C3A9 /* Navigation-Filter.png */,
				8120C16117DFB48600A1C3A9 /* Navigation-Filter@2x.png */,
				8120C1A917E049B400A1C3A9 /* Navigation-Logo.png */,
				8120C1AA17E049B400A1C3A9 /* Navigation-Logo@2x.png */,
				8120C15C17DFB2F700A1C3A9 /* Navigation-Menu.png */,
				8120C15D17DFB2F700A1C3A9 /* Navigation-Menu@2x.png */,
			);
			name = Images;
			sourceTree = "<group>";
		};
		812F4ABE17DEFE2600454747 /* Additions */ = {
			isa = PBXGroup;
			children = (
				8120C16C17DFBF1200A1C3A9 /* NSDictionary+Additions.h */,
				8120C16D17DFBF1200A1C3A9 /* NSDictionary+Additions.m */,
				8120C16F17DFBFA700A1C3A9 /* NSString+Additions.h */,
				8120C17017DFBFA700A1C3A9 /* NSString+Additions.m */,
				8120C1BB17E053A100A1C3A9 /* UIButton+Additions.h */,
				8120C1BC17E053A100A1C3A9 /* UIButton+Additions.m */,
				8120C13C17DFA8F400A1C3A9 /* UIColor+Additions.h */,
				8120C13D17DFA8F400A1C3A9 /* UIColor+Additions.m */,
				8120C13F17DFA90300A1C3A9 /* UIFont+Additions.h */,
				8120C14017DFA90300A1C3A9 /* UIFont+Additions.m */,
			);
			name = Additions;
			sourceTree = "<group>";
		};
		812F4ABF17DEFE3600454747 /* JSONKit */ = {
			isa = PBXGroup;
			children = (
				812F4AC017DEFE5300454747 /* JSONKit.h */,
				812F4AC117DEFE5300454747 /* JSONKit.m */,
			);
			name = JSONKit;
			sourceTree = "<group>";
		};
		812F4AC317DEFE8000454747 /* Reachability */ = {
			isa = PBXGroup;
			children = (
				812F4AC517DEFE9400454747 /* Reachability.h */,
				812F4AC617DEFE9400454747 /* Reachability.m */,
			);
			name = Reachability;
			sourceTree = "<group>";
		};
		812F4AC417DEFE8600454747 /* MBProgressHUD */ = {
			isa = PBXGroup;
			children = (
				812F4AC817DEFE9C00454747 /* MBProgressHUD.h */,
				812F4AC917DEFE9C00454747 /* MBProgressHUD.m */,
			);
			name = MBProgressHUD;
			sourceTree = "<group>";
		};
		812F4ACB17DEFEC600454747 /* ASIHTTPRequest */ = {
			isa = PBXGroup;
			children = (
				812F4ACC17DEFEE900454747 /* ASIAuthenticationDialog.h */,
				812F4ACD17DEFEE900454747 /* ASIAuthenticationDialog.m */,
				812F4ACE17DEFEE900454747 /* ASICacheDelegate.h */,
				812F4ACF17DEFEE900454747 /* ASIDataCompressor.h */,
				812F4AD017DEFEE900454747 /* ASIDataCompressor.m */,
				812F4AD117DEFEE900454747 /* ASIDataDecompressor.h */,
				812F4AD217DEFEE900454747 /* ASIDataDecompressor.m */,
				812F4AD317DEFEE900454747 /* ASIDownloadCache.h */,
				812F4AD417DEFEE900454747 /* ASIDownloadCache.m */,
				812F4AD517DEFEE900454747 /* ASIFormDataRequest.h */,
				812F4AD617DEFEE900454747 /* ASIFormDataRequest.m */,
				812F4AD717DEFEE900454747 /* ASIHTTPRequest.h */,
				812F4AD817DEFEE900454747 /* ASIHTTPRequest.m */,
				812F4AD917DEFEE900454747 /* ASIHTTPRequestConfig.h */,
				812F4ADA17DEFEE900454747 /* ASIHTTPRequestDelegate.h */,
				812F4ADB17DEFEE900454747 /* ASIInputStream.h */,
				812F4ADC17DEFEE900454747 /* ASIInputStream.m */,
				812F4ADD17DEFEE900454747 /* ASINetworkQueue.h */,
				812F4ADE17DEFEE900454747 /* ASINetworkQueue.m */,
				812F4ADF17DEFEE900454747 /* ASIProgressDelegate.h */,
			);
			name = ASIHTTPRequest;
			sourceTree = "<group>";
		};
		818F915F17DF955F00D1A723 /* MFSideMenu */ = {
			isa = PBXGroup;
			children = (
				818F916A17DF958D00D1A723 /* MFSideMenu.h */,
				818F916B17DF958D00D1A723 /* MFSideMenuContainerViewController.h */,
				818F916C17DF958D00D1A723 /* MFSideMenuContainerViewController.m */,
				818F916D17DF958D00D1A723 /* MFSideMenuShadow.h */,
				818F916E17DF958D00D1A723 /* MFSideMenuShadow.m */,
				818F916F17DF958D00D1A723 /* UIViewController+MFSideMenuAdditions.h */,
				818F917017DF958D00D1A723 /* UIViewController+MFSideMenuAdditions.m */,
			);
			name = MFSideMenu;
			sourceTree = "<group>";
		};
/* End PBXGroup section */

/* Begin PBXNativeTarget section */
		810D05FA17DEFC220058CE52 /* Reloved */ = {
			isa = PBXNativeTarget;
			buildConfigurationList = 810D061817DEFC220058CE52 /* Build configuration list for PBXNativeTarget "Reloved" */;
			buildPhases = (
				810D05F717DEFC220058CE52 /* Sources */,
				810D05F817DEFC220058CE52 /* Frameworks */,
				810D05F917DEFC220058CE52 /* Resources */,
			);
			buildRules = (
			);
			dependencies = (
			);
			name = Reloved;
			productName = Reloved;
			productReference = 810D05FB17DEFC220058CE52 /* Reloved.app */;
			productType = "com.apple.product-type.application";
		};
/* End PBXNativeTarget section */

/* Begin PBXProject section */
		810D05F317DEFC220058CE52 /* Project object */ = {
			isa = PBXProject;
			attributes = {
				CLASSPREFIX = MF;
				LastUpgradeCheck = 0460;
				ORGANIZATIONNAME = "Meep Factory LLC";
			};
			buildConfigurationList = 810D05F617DEFC220058CE52 /* Build configuration list for PBXProject "Reloved" */;
			compatibilityVersion = "Xcode 3.2";
			developmentRegion = English;
			hasScannedForEncodings = 0;
			knownRegions = (
				en,
			);
			mainGroup = 810D05F217DEFC220058CE52;
			productRefGroup = 810D05FC17DEFC220058CE52 /* Products */;
			projectDirPath = "";
			projectRoot = "";
			targets = (
				810D05FA17DEFC220058CE52 /* Reloved */,
			);
		};
/* End PBXProject section */

/* Begin PBXResourcesBuildPhase section */
		810D05F917DEFC220058CE52 /* Resources */ = {
			isa = PBXResourcesBuildPhase;
			buildActionMask = 2147483647;
			files = (
				8120C14D17DFAD8C00A1C3A9 /* Menu-Home@2x.png in Resources */,
				812F4AAB17DEFCC600454747 /* Localizable.strings in Resources */,
				812F4AEF17DF003800454747 /* Icon144.png in Resources */,
				8120C1B617E0532500A1C3A9 /* Home-ShopByColor.png in Resources */,
				812F4AEE17DF003800454747 /* Icon120.png in Resources */,
				8120C15E17DFB2F700A1C3A9 /* Navigation-Menu.png in Resources */,
				8120C19F17E0470300A1C3A9 /* Home-Profile.png in Resources */,
				8120C19117E0470300A1C3A9 /* Home-About.png in Resources */,
				8120C1BA17E0532E00A1C3A9 /* Home-ShopByColor@2x.png in Resources */,
				8120C1C517E05D7500A1C3A9 /* Home-Checkmark@2x.png in Resources */,
				8120C16217DFB48600A1C3A9 /* Navigation-Filter.png in Resources */,
				8120C15517DFAD9600A1C3A9 /* Menu-Cart.png in Resources */,
				812F4AEC17DF003800454747 /* Icon57.png in Resources */,
				8120C1A317E0470300A1C3A9 /* Home-ReturnsPolicy.png in Resources */,
				812F4AB417DEFD0300454747 /* Default@2x.png in Resources */,
				8120C19917E0470300A1C3A9 /* Home-BrowseNew.png in Resources */,
				8120C14E17DFAD8C00A1C3A9 /* Menu-News.png in Resources */,
				8120C1AB17E049B400A1C3A9 /* Navigation-Logo.png in Resources */,
				8120C19617E0470300A1C3A9 /* Home-BrowseAll@2x.png in Resources */,
				8120C1C417E05D7500A1C3A9 /* Home-Checkmark.png in Resources */,
				8120C15217DFAD8C00A1C3A9 /* Menu-Sell.png in Resources */,
				8120C19E17E0470300A1C3A9 /* Home-History@2x.png in Resources */,
				8120C1A717E0470300A1C3A9 /* Home-ShippingInfo.png in Resources */,
				8120C15117DFAD8C00A1C3A9 /* Menu-Search@2x.png in Resources */,
				8120C16317DFB48600A1C3A9 /* Navigation-Filter@2x.png in Resources */,
				8120C19C17E0470300A1C3A9 /* Home-Guarantee@2x.png in Resources */,
				8120C15317DFAD8C00A1C3A9 /* Menu-Sell@2x.png in Resources */,
				8120C19717E0470300A1C3A9 /* Home-BrowseEditorial.png in Resources */,
				812F4AED17DF003800454747 /* Icon114.png in Resources */,
				8120C1A617E0470300A1C3A9 /* Home-Security@2x.png in Resources */,
				8120C1A517E0470300A1C3A9 /* Home-Security.png in Resources */,
				812F4AB217DEFD0300454747 /* Default-568h@2x.png in Resources */,
				8120C19417E0470300A1C3A9 /* Home-Bookmarks@2x.png in Resources */,
				8120C19D17E0470300A1C3A9 /* Home-History.png in Resources */,
				812F4AFC17DF019600454747 /* InfoPlist.strings in Resources */,
				8120C1A417E0470300A1C3A9 /* Home-ReturnsPolicy@2x.png in Resources */,
				8120C1A117E0470300A1C3A9 /* Home-Recents.png in Resources */,
				8120C15F17DFB2F700A1C3A9 /* Navigation-Menu@2x.png in Resources */,
				8120C15017DFAD8C00A1C3A9 /* Menu-Search.png in Resources */,
				8120C19A17E0470300A1C3A9 /* Home-BrowseNew@2x.png in Resources */,
				8120C19517E0470300A1C3A9 /* Home-BrowseAll.png in Resources */,
				8120C14F17DFAD8C00A1C3A9 /* Menu-News@2x.png in Resources */,
				8120C1B717E0532500A1C3A9 /* Home-ShopByDress.png in Resources */,
				8120C1A217E0470300A1C3A9 /* Home-Recents@2x.png in Resources */,
				8120C1A017E0470300A1C3A9 /* Home-Profile@2x.png in Resources */,
				812F4AB317DEFD0300454747 /* Default.png in Resources */,
				8120C19317E0470300A1C3A9 /* Home-Bookmarks.png in Resources */,
				8120C1A817E0470300A1C3A9 /* Home-ShippingInfo@2x.png in Resources */,
				8120C16817DFBC4500A1C3A9 /* Pages in Resources */,
				8120C19217E0470300A1C3A9 /* Home-About@2x.png in Resources */,
				8120C19817E0470300A1C3A9 /* Home-BrowseEditorial@2x.png in Resources */,
				8120C14B17DFAD8C00A1C3A9 /* Menu-Cart@2x.png in Resources */,
				8120C1B817E0532500A1C3A9 /* Home-ShopByDress@2x.png in Resources */,
				8120C19B17E0470300A1C3A9 /* Home-Guarantee.png in Resources */,
				8120C14C17DFAD8C00A1C3A9 /* Menu-Home.png in Resources */,
				8120C1AC17E049B400A1C3A9 /* Navigation-Logo@2x.png in Resources */,
			);
			runOnlyForDeploymentPostprocessing = 0;
		};
/* End PBXResourcesBuildPhase section */

/* Begin PBXSourcesBuildPhase section */
		810D05F717DEFC220058CE52 /* Sources */ = {
			isa = PBXSourcesBuildPhase;
			buildActionMask = 2147483647;
			files = (
				818F917217DF958D00D1A723 /* MFSideMenuShadow.m in Sources */,
				8120C15B17DFAFA600A1C3A9 /* MFNewPostController.m in Sources */,
				8119DFE817E06E0B007AEDC2 /* MFWebAuthorization.m in Sources */,
				8120C13417DFA7AD00A1C3A9 /* MFHomeController.m in Sources */,
				812F4ABA17DEFD4800454747 /* MFApplicationDelegate.m in Sources */,
				812F4AE617DEFEE900454747 /* ASIInputStream.m in Sources */,
				812F4ACA17DEFE9C00454747 /* MBProgressHUD.m in Sources */,
				812F4AE317DEFEE900454747 /* ASIDownloadCache.m in Sources */,
				8119DFE217E06DCF007AEDC2 /* MFWebUser.m in Sources */,
				8119DFCA17E06BCC007AEDC2 /* MFImageView.m in Sources */,
				8120C16617DFB7F100A1C3A9 /* MFWebController.m in Sources */,
				8119DFD917E06D9B007AEDC2 /* MFWebResource.m in Sources */,
				8120C1D417E0698F00A1C3A9 /* MFBrowseController.m in Sources */,
				8119DFDF17E06DB6007AEDC2 /* MFWebService.m in Sources */,
				8120C15817DFAF0B00A1C3A9 /* MFNewsController.m in Sources */,
				8120C1BD17E053A100A1C3A9 /* UIButton+Additions.m in Sources */,
				8120C1C817E0681300A1C3A9 /* MFBookmarksController.m in Sources */,
				8120C13117DFA37100A1C3A9 /* MFPostController.m in Sources */,
				8120C13717DFA7C000A1C3A9 /* MFSearchController.m in Sources */,
				8119DFD017E06BE8007AEDC2 /* MFTableViewCell.m in Sources */,
				8120C13A17DFA82100A1C3A9 /* MFCartController.m in Sources */,
				8120C1CB17E0684E00A1C3A9 /* MFProfileController.m in Sources */,
				8120C1B217E0520E00A1C3A9 /* MFHomeHeaderView.m in Sources */,
				8120C16E17DFBF1200A1C3A9 /* NSDictionary+Additions.m in Sources */,
				8120C17417E03CB900A1C3A9 /* MFMenu.m in Sources */,
				818F917117DF958D00D1A723 /* MFSideMenuContainerViewController.m in Sources */,
				8120C1CE17E0685A00A1C3A9 /* MFHistoryController.m in Sources */,
				818F917317DF958D00D1A723 /* UIViewController+MFSideMenuAdditions.m in Sources */,
				8119DFD617E06D90007AEDC2 /* MFWebRequest.m in Sources */,
				8119DFE517E06DF0007AEDC2 /* MFWebUpload.m in Sources */,
				812F4AE117DEFEE900454747 /* ASIDataCompressor.m in Sources */,
				8119DFDC17E06DAA007AEDC2 /* MFWebSession.m in Sources */,
				8120C16B17DFBD1200A1C3A9 /* MFPreferences.m in Sources */,
				8120C14117DFA90300A1C3A9 /* UIFont+Additions.m in Sources */,
				812F4AB917DEFD4800454747 /* main.m in Sources */,
				812F4AE517DEFEE900454747 /* ASIHTTPRequest.m in Sources */,
				812F4AC217DEFE5300454747 /* JSONKit.m in Sources */,
				8120C1D117E068EF00A1C3A9 /* MFRecentsController.m in Sources */,
				8119DFD317E06D85007AEDC2 /* MFWebFeed.m in Sources */,
				8120C13E17DFA8F400A1C3A9 /* UIColor+Additions.m in Sources */,
				812F4AE217DEFEE900454747 /* ASIDataDecompressor.m in Sources */,
				8120C1C117E05C9F00A1C3A9 /* MFHomeFooterView.m in Sources */,
				8120C17117DFBFA700A1C3A9 /* NSString+Additions.m in Sources */,
				812F4ABD17DEFDB400454747 /* MFFeedController.m in Sources */,
				812F4AE717DEFEE900454747 /* ASINetworkQueue.m in Sources */,
				812F4AE017DEFEE900454747 /* ASIAuthenticationDialog.m in Sources */,
				818F917617DF95F400D1A723 /* MFMenuController.m in Sources */,
				812F4AE417DEFEE900454747 /* ASIFormDataRequest.m in Sources */,
				8120C17717E03CC700A1C3A9 /* MFMenuItem.m in Sources */,
				8119DFCD17E06BDB007AEDC2 /* MFTableView.m in Sources */,
				812F4AC717DEFE9400454747 /* Reachability.m in Sources */,
			);
			runOnlyForDeploymentPostprocessing = 0;
		};
/* End PBXSourcesBuildPhase section */

/* Begin PBXVariantGroup section */
		812F4AA917DEFCC600454747 /* Localizable.strings */ = {
			isa = PBXVariantGroup;
			children = (
				812F4AAA17DEFCC600454747 /* en */,
			);
			name = Localizable.strings;
			path = Reloved;
			sourceTree = "<group>";
		};
		812F4AFA17DF019600454747 /* InfoPlist.strings */ = {
			isa = PBXVariantGroup;
			children = (
				812F4AFB17DF019600454747 /* en */,
			);
			name = InfoPlist.strings;
			sourceTree = "<group>";
		};
/* End PBXVariantGroup section */

/* Begin XCBuildConfiguration section */
		810D061617DEFC220058CE52 /* Debug */ = {
			isa = XCBuildConfiguration;
			buildSettings = {
				ALWAYS_SEARCH_USER_PATHS = NO;
				CLANG_CXX_LANGUAGE_STANDARD = "gnu++0x";
				CLANG_CXX_LIBRARY = "libc++";
				CLANG_ENABLE_OBJC_ARC = YES;
				CLANG_WARN_CONSTANT_CONVERSION = YES;
				CLANG_WARN_EMPTY_BODY = YES;
				CLANG_WARN_ENUM_CONVERSION = YES;
				CLANG_WARN_INT_CONVERSION = YES;
				CLANG_WARN__DUPLICATE_METHOD_MATCH = YES;
				"CODE_SIGN_IDENTITY[sdk=iphoneos*]" = "iPhone Developer";
				COPY_PHASE_STRIP = NO;
				GCC_C_LANGUAGE_STANDARD = gnu99;
				GCC_DYNAMIC_NO_PIC = NO;
				GCC_OPTIMIZATION_LEVEL = 0;
				GCC_PREPROCESSOR_DEFINITIONS = (
					"DEBUG=1",
					"$(inherited)",
				);
				GCC_SYMBOLS_PRIVATE_EXTERN = NO;
				GCC_WARN_ABOUT_RETURN_TYPE = YES;
				GCC_WARN_UNINITIALIZED_AUTOS = YES;
				GCC_WARN_UNUSED_VARIABLE = YES;
				IPHONEOS_DEPLOYMENT_TARGET = 6.1;
				ONLY_ACTIVE_ARCH = YES;
				SDKROOT = iphoneos;
			};
			name = Debug;
		};
		810D061717DEFC220058CE52 /* Release */ = {
			isa = XCBuildConfiguration;
			buildSettings = {
				ALWAYS_SEARCH_USER_PATHS = NO;
				CLANG_CXX_LANGUAGE_STANDARD = "gnu++0x";
				CLANG_CXX_LIBRARY = "libc++";
				CLANG_ENABLE_OBJC_ARC = YES;
				CLANG_WARN_CONSTANT_CONVERSION = YES;
				CLANG_WARN_EMPTY_BODY = YES;
				CLANG_WARN_ENUM_CONVERSION = YES;
				CLANG_WARN_INT_CONVERSION = YES;
				CLANG_WARN__DUPLICATE_METHOD_MATCH = YES;
				"CODE_SIGN_IDENTITY[sdk=iphoneos*]" = "iPhone Developer";
				COPY_PHASE_STRIP = YES;
				GCC_C_LANGUAGE_STANDARD = gnu99;
				GCC_WARN_ABOUT_RETURN_TYPE = YES;
				GCC_WARN_UNINITIALIZED_AUTOS = YES;
				GCC_WARN_UNUSED_VARIABLE = YES;
				IPHONEOS_DEPLOYMENT_TARGET = 6.1;
				OTHER_CFLAGS = "-DNS_BLOCK_ASSERTIONS=1";
				SDKROOT = iphoneos;
				VALIDATE_PRODUCT = YES;
			};
			name = Release;
		};
		810D061917DEFC220058CE52 /* Debug */ = {
			isa = XCBuildConfiguration;
			buildSettings = {
				"CODE_SIGN_IDENTITY[sdk=iphoneos*]" = "iPhone Distribution";
				GCC_PRECOMPILE_PREFIX_HEADER = YES;
				GCC_PREFIX_HEADER = Prefix.pch;
				INFOPLIST_FILE = Info.plist;
				PRODUCT_NAME = "$(TARGET_NAME)";
				WRAPPER_EXTENSION = app;
			};
			name = Debug;
		};
		810D061A17DEFC220058CE52 /* Release */ = {
			isa = XCBuildConfiguration;
			buildSettings = {
				"CODE_SIGN_IDENTITY[sdk=iphoneos*]" = "iPhone Distribution";
				GCC_PRECOMPILE_PREFIX_HEADER = YES;
				GCC_PREFIX_HEADER = Prefix.pch;
				INFOPLIST_FILE = Info.plist;
				PRODUCT_NAME = "$(TARGET_NAME)";
				WRAPPER_EXTENSION = app;
			};
			name = Release;
		};
/* End XCBuildConfiguration section */

/* Begin XCConfigurationList section */
		810D05F617DEFC220058CE52 /* Build configuration list for PBXProject "Reloved" */ = {
			isa = XCConfigurationList;
			buildConfigurations = (
				810D061617DEFC220058CE52 /* Debug */,
				810D061717DEFC220058CE52 /* Release */,
			);
			defaultConfigurationIsVisible = 0;
			defaultConfigurationName = Release;
		};
		810D061817DEFC220058CE52 /* Build configuration list for PBXNativeTarget "Reloved" */ = {
			isa = XCConfigurationList;
			buildConfigurations = (
				810D061917DEFC220058CE52 /* Debug */,
				810D061A17DEFC220058CE52 /* Release */,
			);
			defaultConfigurationIsVisible = 0;
			defaultConfigurationName = Release;
		};
/* End XCConfigurationList section */
	};
	rootObject = 810D05F317DEFC220058CE52 /* Project object */;
}
